// !$*UTF8*$!
{
	archiveVersion = 1;
	classes = {
	};
	objectVersion = 56;
	objects = {

/* Begin PBXBuildFile section */
		5F00FBF52A777BDE0055A4FA /* AppDelegate.swift in Sources */ = {isa = PBXBuildFile; fileRef = 5F00FBF42A777BDE0055A4FA /* AppDelegate.swift */; };
		5F00FBF72A777BDE0055A4FA /* SceneDelegate.swift in Sources */ = {isa = PBXBuildFile; fileRef = 5F00FBF62A777BDE0055A4FA /* SceneDelegate.swift */; };
		5F00FBF92A777BDE0055A4FA /* ViewController.swift in Sources */ = {isa = PBXBuildFile; fileRef = 5F00FBF82A777BDE0055A4FA /* ViewController.swift */; };
		5F00FBFE2A777BDF0055A4FA /* Assets.xcassets in Resources */ = {isa = PBXBuildFile; fileRef = 5F00FBFD2A777BDF0055A4FA /* Assets.xcassets */; };
		5F00FC012A777BDF0055A4FA /* LaunchScreen.storyboard in Resources */ = {isa = PBXBuildFile; fileRef = 5F00FBFF2A777BDF0055A4FA /* LaunchScreen.storyboard */; };
		5F00FC0C2A777BDF0055A4FA /* IosH3Tests.swift in Sources */ = {isa = PBXBuildFile; fileRef = 5F00FC0B2A777BDF0055A4FA /* IosH3Tests.swift */; };
		5F00FC162A777BDF0055A4FA /* IosH3UiTests.swift in Sources */ = {isa = PBXBuildFile; fileRef = 5F00FC152A777BDF0055A4FA /* IosH3UiTests.swift */; };
		5F00FC182A777BDF0055A4FA /* IosH3UITestsLaunchTests.swift in Sources */ = {isa = PBXBuildFile; fileRef = 5F00FC172A777BDF0055A4FA /* IosH3UITestsLaunchTests.swift */; };
		5F5E21132A78DD21003C1185 /* .swiftlint.yml in Resources */ = {isa = PBXBuildFile; fileRef = 5F5E21122A78DD21003C1185 /* .swiftlint.yml */; };
/* End PBXBuildFile section */

/* Begin PBXContainerItemProxy section */
		5F00FC082A777BDF0055A4FA /* PBXContainerItemProxy */ = {
			isa = PBXContainerItemProxy;
			containerPortal = 5F00FBE92A777BDE0055A4FA /* Project object */;
			proxyType = 1;
			remoteGlobalIDString = 5F00FBF02A777BDE0055A4FA;
			remoteInfo = iOS_H3;
		};
		5F00FC122A777BDF0055A4FA /* PBXContainerItemProxy */ = {
			isa = PBXContainerItemProxy;
			containerPortal = 5F00FBE92A777BDE0055A4FA /* Project object */;
			proxyType = 1;
			remoteGlobalIDString = 5F00FBF02A777BDE0055A4FA;
			remoteInfo = iOS_H3;
		};
/* End PBXContainerItemProxy section */

/* Begin PBXFileReference section */
		5F00FBF12A777BDE0055A4FA /* iOS_H3.app */ = {isa = PBXFileReference; explicitFileType = wrapper.application; includeInIndex = 0; path = iOS_H3.app; sourceTree = BUILT_PRODUCTS_DIR; };
		5F00FBF42A777BDE0055A4FA /* AppDelegate.swift */ = {isa = PBXFileReference; lastKnownFileType = sourcecode.swift; path = AppDelegate.swift; sourceTree = "<group>"; };
		5F00FBF62A777BDE0055A4FA /* SceneDelegate.swift */ = {isa = PBXFileReference; lastKnownFileType = sourcecode.swift; path = SceneDelegate.swift; sourceTree = "<group>"; };
		5F00FBF82A777BDE0055A4FA /* ViewController.swift */ = {isa = PBXFileReference; lastKnownFileType = sourcecode.swift; path = ViewController.swift; sourceTree = "<group>"; };
		5F00FBFD2A777BDF0055A4FA /* Assets.xcassets */ = {isa = PBXFileReference; lastKnownFileType = folder.assetcatalog; path = Assets.xcassets; sourceTree = "<group>"; };
		5F00FC002A777BDF0055A4FA /* Base */ = {isa = PBXFileReference; lastKnownFileType = file.storyboard; name = Base; path = Base.lproj/LaunchScreen.storyboard; sourceTree = "<group>"; };
		5F00FC022A777BDF0055A4FA /* Info.plist */ = {isa = PBXFileReference; lastKnownFileType = text.plist.xml; path = Info.plist; sourceTree = "<group>"; };
		5F00FC072A777BDF0055A4FA /* iOS_H3Tests.xctest */ = {isa = PBXFileReference; explicitFileType = wrapper.cfbundle; includeInIndex = 0; path = iOS_H3Tests.xctest; sourceTree = BUILT_PRODUCTS_DIR; };
		5F00FC0B2A777BDF0055A4FA /* IosH3Tests.swift */ = {isa = PBXFileReference; lastKnownFileType = sourcecode.swift; path = IosH3Tests.swift; sourceTree = "<group>"; };
		5F00FC112A777BDF0055A4FA /* iOS_H3UITests.xctest */ = {isa = PBXFileReference; explicitFileType = wrapper.cfbundle; includeInIndex = 0; path = iOS_H3UITests.xctest; sourceTree = BUILT_PRODUCTS_DIR; };
		5F00FC152A777BDF0055A4FA /* IosH3UiTests.swift */ = {isa = PBXFileReference; lastKnownFileType = sourcecode.swift; path = IosH3UiTests.swift; sourceTree = "<group>"; };
		5F00FC172A777BDF0055A4FA /* IosH3UITestsLaunchTests.swift */ = {isa = PBXFileReference; lastKnownFileType = sourcecode.swift; path = IosH3UITestsLaunchTests.swift; sourceTree = "<group>"; };
		5F5E21122A78DD21003C1185 /* .swiftlint.yml */ = {isa = PBXFileReference; lastKnownFileType = text.yaml; path = .swiftlint.yml; sourceTree = "<group>"; };
/* End PBXFileReference section */

/* Begin PBXFrameworksBuildPhase section */
		5F00FBEE2A777BDE0055A4FA /* Frameworks */ = {
			isa = PBXFrameworksBuildPhase;
			buildActionMask = 2147483647;
			files = (
			);
			runOnlyForDeploymentPostprocessing = 0;
		};
		5F00FC042A777BDF0055A4FA /* Frameworks */ = {
			isa = PBXFrameworksBuildPhase;
			buildActionMask = 2147483647;
			files = (
			);
			runOnlyForDeploymentPostprocessing = 0;
		};
		5F00FC0E2A777BDF0055A4FA /* Frameworks */ = {
			isa = PBXFrameworksBuildPhase;
			buildActionMask = 2147483647;
			files = (
			);
			runOnlyForDeploymentPostprocessing = 0;
		};
/* End PBXFrameworksBuildPhase section */

/* Begin PBXGroup section */
		5F00FBE82A777BDE0055A4FA = {
			isa = PBXGroup;
			children = (
				5F00FBF32A777BDE0055A4FA /* iOS_H3 */,
				5F00FC0A2A777BDF0055A4FA /* iOS_H3Tests */,
				5F00FC142A777BDF0055A4FA /* iOS_H3UITests */,
				5F00FBF22A777BDE0055A4FA /* Products */,
			);
			sourceTree = "<group>";
		};
		5F00FBF22A777BDE0055A4FA /* Products */ = {
			isa = PBXGroup;
			children = (
				5F00FBF12A777BDE0055A4FA /* iOS_H3.app */,
				5F00FC072A777BDF0055A4FA /* iOS_H3Tests.xctest */,
				5F00FC112A777BDF0055A4FA /* iOS_H3UITests.xctest */,
			);
			name = Products;
			sourceTree = "<group>";
		};
		5F00FBF32A777BDE0055A4FA /* iOS_H3 */ = {
			isa = PBXGroup;
			children = (
				5F00FBF42A777BDE0055A4FA /* AppDelegate.swift */,
				5F00FBF62A777BDE0055A4FA /* SceneDelegate.swift */,
				5F00FBF82A777BDE0055A4FA /* ViewController.swift */,
				5F00FBFD2A777BDF0055A4FA /* Assets.xcassets */,
				5F00FBFF2A777BDF0055A4FA /* LaunchScreen.storyboard */,
				5F00FC022A777BDF0055A4FA /* Info.plist */,
				5F5E21122A78DD21003C1185 /* .swiftlint.yml */,
			);
			path = iOS_H3;
			sourceTree = "<group>";
		};
		5F00FC0A2A777BDF0055A4FA /* iOS_H3Tests */ = {
			isa = PBXGroup;
			children = (
				5F00FC0B2A777BDF0055A4FA /* IosH3Tests.swift */,
			);
			path = iOS_H3Tests;
			sourceTree = "<group>";
		};
		5F00FC142A777BDF0055A4FA /* iOS_H3UITests */ = {
			isa = PBXGroup;
			children = (
				5F00FC152A777BDF0055A4FA /* IosH3UiTests.swift */,
				5F00FC172A777BDF0055A4FA /* IosH3UITestsLaunchTests.swift */,
			);
			path = iOS_H3UITests;
			sourceTree = "<group>";
		};
/* End PBXGroup section */

/* Begin PBXNativeTarget section */
		5F00FBF02A777BDE0055A4FA /* iOS_H3 */ = {
			isa = PBXNativeTarget;
			buildConfigurationList = 5F00FC1B2A777BDF0055A4FA /* Build configuration list for PBXNativeTarget "iOS_H3" */;
			buildPhases = (
				5F00FBED2A777BDE0055A4FA /* Sources */,
				5F00FBEE2A777BDE0055A4FA /* Frameworks */,
				5F00FBEF2A777BDE0055A4FA /* Resources */,
				5F5E21112A78DCCD003C1185 /* ShellScript */,
			);
			buildRules = (
			);
			dependencies = (
			);
			name = iOS_H3;
			productName = iOS_H3;
			productReference = 5F00FBF12A777BDE0055A4FA /* iOS_H3.app */;
			productType = "com.apple.product-type.application";
		};
		5F00FC062A777BDF0055A4FA /* iOS_H3Tests */ = {
			isa = PBXNativeTarget;
			buildConfigurationList = 5F00FC1E2A777BDF0055A4FA /* Build configuration list for PBXNativeTarget "iOS_H3Tests" */;
			buildPhases = (
				5F00FC032A777BDF0055A4FA /* Sources */,
				5F00FC042A777BDF0055A4FA /* Frameworks */,
				5F00FC052A777BDF0055A4FA /* Resources */,
			);
			buildRules = (
			);
			dependencies = (
				5F00FC092A777BDF0055A4FA /* PBXTargetDependency */,
			);
			name = iOS_H3Tests;
			productName = iOS_H3Tests;
			productReference = 5F00FC072A777BDF0055A4FA /* iOS_H3Tests.xctest */;
			productType = "com.apple.product-type.bundle.unit-test";
		};
		5F00FC102A777BDF0055A4FA /* iOS_H3UITests */ = {
			isa = PBXNativeTarget;
			buildConfigurationList = 5F00FC212A777BDF0055A4FA /* Build configuration list for PBXNativeTarget "iOS_H3UITests" */;
			buildPhases = (
				5F00FC0D2A777BDF0055A4FA /* Sources */,
				5F00FC0E2A777BDF0055A4FA /* Frameworks */,
				5F00FC0F2A777BDF0055A4FA /* Resources */,
			);
			buildRules = (
			);
			dependencies = (
				5F00FC132A777BDF0055A4FA /* PBXTargetDependency */,
			);
			name = iOS_H3UITests;
			productName = iOS_H3UITests;
			productReference = 5F00FC112A777BDF0055A4FA /* iOS_H3UITests.xctest */;
			productType = "com.apple.product-type.bundle.ui-testing";
		};
/* End PBXNativeTarget section */

/* Begin PBXProject section */
		5F00FBE92A777BDE0055A4FA /* Project object */ = {
			isa = PBXProject;
			attributes = {
				BuildIndependentTargetsInParallel = 1;
				LastSwiftUpdateCheck = 1430;
				LastUpgradeCheck = 1430;
				TargetAttributes = {
					5F00FBF02A777BDE0055A4FA = {
						CreatedOnToolsVersion = 14.3.1;
					};
					5F00FC062A777BDF0055A4FA = {
						CreatedOnToolsVersion = 14.3.1;
						TestTargetID = 5F00FBF02A777BDE0055A4FA;
					};
					5F00FC102A777BDF0055A4FA = {
						CreatedOnToolsVersion = 14.3.1;
						TestTargetID = 5F00FBF02A777BDE0055A4FA;
					};
				};
			};
			buildConfigurationList = 5F00FBEC2A777BDE0055A4FA /* Build configuration list for PBXProject "iOS_H3" */;
			compatibilityVersion = "Xcode 14.0";
			developmentRegion = en;
			hasScannedForEncodings = 0;
			knownRegions = (
				en,
				Base,
			);
			mainGroup = 5F00FBE82A777BDE0055A4FA;
			productRefGroup = 5F00FBF22A777BDE0055A4FA /* Products */;
			projectDirPath = "";
			projectRoot = "";
			targets = (
				5F00FBF02A777BDE0055A4FA /* iOS_H3 */,
				5F00FC062A777BDF0055A4FA /* iOS_H3Tests */,
				5F00FC102A777BDF0055A4FA /* iOS_H3UITests */,
			);
		};
/* End PBXProject section */

/* Begin PBXResourcesBuildPhase section */
		5F00FBEF2A777BDE0055A4FA /* Resources */ = {
			isa = PBXResourcesBuildPhase;
			buildActionMask = 2147483647;
			files = (
				5F5E21132A78DD21003C1185 /* .swiftlint.yml in Resources */,
				5F00FC012A777BDF0055A4FA /* LaunchScreen.storyboard in Resources */,
				5F00FBFE2A777BDF0055A4FA /* Assets.xcassets in Resources */,
			);
			runOnlyForDeploymentPostprocessing = 0;
		};
		5F00FC052A777BDF0055A4FA /* Resources */ = {
			isa = PBXResourcesBuildPhase;
			buildActionMask = 2147483647;
			files = (
			);
			runOnlyForDeploymentPostprocessing = 0;
		};
		5F00FC0F2A777BDF0055A4FA /* Resources */ = {
			isa = PBXResourcesBuildPhase;
			buildActionMask = 2147483647;
			files = (
			);
			runOnlyForDeploymentPostprocessing = 0;
		};
/* End PBXResourcesBuildPhase section */

/* Begin PBXShellScriptBuildPhase section */
		5F5E21112A78DCCD003C1185 /* ShellScript */ = {
			isa = PBXShellScriptBuildPhase;
			alwaysOutOfDate = 1;
			buildActionMask = 2147483647;
			files = (
			);
			inputFileListPaths = (
			);
			inputPaths = (
			);
			outputFileListPaths = (
			);
			outputPaths = (
			);
			runOnlyForDeploymentPostprocessing = 0;
			shellPath = /bin/sh;
			shellScript = "if test -d \"/opt/homebrew/bin/\"; then\n  PATH=\"/opt/homebrew/bin/:${PATH}\"\nfi\n\nexport PATH\n\nif which swiftlint >/dev/null; then\n  swiftlint\nelse\n  echo \"warning: SwiftLint not installed, download from https://github.com/realm/SwiftLint\"\nfi\n";
		};
/* End PBXShellScriptBuildPhase section */

/* Begin PBXSourcesBuildPhase section */
		5F00FBED2A777BDE0055A4FA /* Sources */ = {
			isa = PBXSourcesBuildPhase;
			buildActionMask = 2147483647;
			files = (
				5F00FBF92A777BDE0055A4FA /* ViewController.swift in Sources */,
				5F00FBF52A777BDE0055A4FA /* AppDelegate.swift in Sources */,
				5F00FBF72A777BDE0055A4FA /* SceneDelegate.swift in Sources */,
			);
			runOnlyForDeploymentPostprocessing = 0;
		};
		5F00FC032A777BDF0055A4FA /* Sources */ = {
			isa = PBXSourcesBuildPhase;
			buildActionMask = 2147483647;
			files = (
				5F00FC0C2A777BDF0055A4FA /* IosH3Tests.swift in Sources */,
			);
			runOnlyForDeploymentPostprocessing = 0;
		};
		5F00FC0D2A777BDF0055A4FA /* Sources */ = {
			isa = PBXSourcesBuildPhase;
			buildActionMask = 2147483647;
			files = (
				5F00FC162A777BDF0055A4FA /* IosH3UiTests.swift in Sources */,
				5F00FC182A777BDF0055A4FA /* IosH3UITestsLaunchTests.swift in Sources */,
			);
			runOnlyForDeploymentPostprocessing = 0;
		};
/* End PBXSourcesBuildPhase section */

/* Begin PBXTargetDependency section */
		5F00FC092A777BDF0055A4FA /* PBXTargetDependency */ = {
			isa = PBXTargetDependency;
			target = 5F00FBF02A777BDE0055A4FA /* iOS_H3 */;
			targetProxy = 5F00FC082A777BDF0055A4FA /* PBXContainerItemProxy */;
		};
		5F00FC132A777BDF0055A4FA /* PBXTargetDependency */ = {
			isa = PBXTargetDependency;
			target = 5F00FBF02A777BDE0055A4FA /* iOS_H3 */;
			targetProxy = 5F00FC122A777BDF0055A4FA /* PBXContainerItemProxy */;
		};
/* End PBXTargetDependency section */

/* Begin PBXVariantGroup section */
		5F00FBFF2A777BDF0055A4FA /* LaunchScreen.storyboard */ = {
			isa = PBXVariantGroup;
			children = (
				5F00FC002A777BDF0055A4FA /* Base */,
			);
			name = LaunchScreen.storyboard;
			sourceTree = "<group>";
		};
/* End PBXVariantGroup section */

/* Begin XCBuildConfiguration section */
		5F00FC192A777BDF0055A4FA /* Debug */ = {
			isa = XCBuildConfiguration;
			buildSettings = {
				ALWAYS_SEARCH_USER_PATHS = NO;
				CLANG_ANALYZER_NONNULL = YES;
				CLANG_ANALYZER_NUMBER_OBJECT_CONVERSION = YES_AGGRESSIVE;
				CLANG_CXX_LANGUAGE_STANDARD = "gnu++20";
				CLANG_ENABLE_MODULES = YES;
				CLANG_ENABLE_OBJC_ARC = YES;
				CLANG_ENABLE_OBJC_WEAK = YES;
				CLANG_WARN_BLOCK_CAPTURE_AUTORELEASING = YES;
				CLANG_WARN_BOOL_CONVERSION = YES;
				CLANG_WARN_COMMA = YES;
				CLANG_WARN_CONSTANT_CONVERSION = YES;
				CLANG_WARN_DEPRECATED_OBJC_IMPLEMENTATIONS = YES;
				CLANG_WARN_DIRECT_OBJC_ISA_USAGE = YES_ERROR;
				CLANG_WARN_DOCUMENTATION_COMMENTS = YES;
				CLANG_WARN_EMPTY_BODY = YES;
				CLANG_WARN_ENUM_CONVERSION = YES;
				CLANG_WARN_INFINITE_RECURSION = YES;
				CLANG_WARN_INT_CONVERSION = YES;
				CLANG_WARN_NON_LITERAL_NULL_CONVERSION = YES;
				CLANG_WARN_OBJC_IMPLICIT_RETAIN_SELF = YES;
				CLANG_WARN_OBJC_LITERAL_CONVERSION = YES;
				CLANG_WARN_OBJC_ROOT_CLASS = YES_ERROR;
				CLANG_WARN_QUOTED_INCLUDE_IN_FRAMEWORK_HEADER = YES;
				CLANG_WARN_RANGE_LOOP_ANALYSIS = YES;
				CLANG_WARN_STRICT_PROTOTYPES = YES;
				CLANG_WARN_SUSPICIOUS_MOVE = YES;
				CLANG_WARN_UNGUARDED_AVAILABILITY = YES_AGGRESSIVE;
				CLANG_WARN_UNREACHABLE_CODE = YES;
				CLANG_WARN__DUPLICATE_METHOD_MATCH = YES;
				COPY_PHASE_STRIP = NO;
				DEBUG_INFORMATION_FORMAT = dwarf;
				ENABLE_STRICT_OBJC_MSGSEND = YES;
				ENABLE_TESTABILITY = YES;
				GCC_C_LANGUAGE_STANDARD = gnu11;
				GCC_DYNAMIC_NO_PIC = NO;
				GCC_NO_COMMON_BLOCKS = YES;
				GCC_OPTIMIZATION_LEVEL = 0;
				GCC_PREPROCESSOR_DEFINITIONS = (
					"DEBUG=1",
					"$(inherited)",
				);
				GCC_WARN_64_TO_32_BIT_CONVERSION = YES;
				GCC_WARN_ABOUT_RETURN_TYPE = YES_ERROR;
				GCC_WARN_UNDECLARED_SELECTOR = YES;
				GCC_WARN_UNINITIALIZED_AUTOS = YES_AGGRESSIVE;
				GCC_WARN_UNUSED_FUNCTION = YES;
				GCC_WARN_UNUSED_VARIABLE = YES;
				IPHONEOS_DEPLOYMENT_TARGET = 16.4;
				MTL_ENABLE_DEBUG_INFO = INCLUDE_SOURCE;
				MTL_FAST_MATH = YES;
				ONLY_ACTIVE_ARCH = YES;
				SDKROOT = iphoneos;
				SWIFT_ACTIVE_COMPILATION_CONDITIONS = DEBUG;
				SWIFT_OPTIMIZATION_LEVEL = "-Onone";
			};
			name = Debug;
		};
		5F00FC1A2A777BDF0055A4FA /* Release */ = {
			isa = XCBuildConfiguration;
			buildSettings = {
				ALWAYS_SEARCH_USER_PATHS = NO;
				CLANG_ANALYZER_NONNULL = YES;
				CLANG_ANALYZER_NUMBER_OBJECT_CONVERSION = YES_AGGRESSIVE;
				CLANG_CXX_LANGUAGE_STANDARD = "gnu++20";
				CLANG_ENABLE_MODULES = YES;
				CLANG_ENABLE_OBJC_ARC = YES;
				CLANG_ENABLE_OBJC_WEAK = YES;
				CLANG_WARN_BLOCK_CAPTURE_AUTORELEASING = YES;
				CLANG_WARN_BOOL_CONVERSION = YES;
				CLANG_WARN_COMMA = YES;
				CLANG_WARN_CONSTANT_CONVERSION = YES;
				CLANG_WARN_DEPRECATED_OBJC_IMPLEMENTATIONS = YES;
				CLANG_WARN_DIRECT_OBJC_ISA_USAGE = YES_ERROR;
				CLANG_WARN_DOCUMENTATION_COMMENTS = YES;
				CLANG_WARN_EMPTY_BODY = YES;
				CLANG_WARN_ENUM_CONVERSION = YES;
				CLANG_WARN_INFINITE_RECURSION = YES;
				CLANG_WARN_INT_CONVERSION = YES;
				CLANG_WARN_NON_LITERAL_NULL_CONVERSION = YES;
				CLANG_WARN_OBJC_IMPLICIT_RETAIN_SELF = YES;
				CLANG_WARN_OBJC_LITERAL_CONVERSION = YES;
				CLANG_WARN_OBJC_ROOT_CLASS = YES_ERROR;
				CLANG_WARN_QUOTED_INCLUDE_IN_FRAMEWORK_HEADER = YES;
				CLANG_WARN_RANGE_LOOP_ANALYSIS = YES;
				CLANG_WARN_STRICT_PROTOTYPES = YES;
				CLANG_WARN_SUSPICIOUS_MOVE = YES;
				CLANG_WARN_UNGUARDED_AVAILABILITY = YES_AGGRESSIVE;
				CLANG_WARN_UNREACHABLE_CODE = YES;
				CLANG_WARN__DUPLICATE_METHOD_MATCH = YES;
				COPY_PHASE_STRIP = NO;
				DEBUG_INFORMATION_FORMAT = "dwarf-with-dsym";
				ENABLE_NS_ASSERTIONS = NO;
				ENABLE_STRICT_OBJC_MSGSEND = YES;
				GCC_C_LANGUAGE_STANDARD = gnu11;
				GCC_NO_COMMON_BLOCKS = YES;
				GCC_WARN_64_TO_32_BIT_CONVERSION = YES;
				GCC_WARN_ABOUT_RETURN_TYPE = YES_ERROR;
				GCC_WARN_UNDECLARED_SELECTOR = YES;
				GCC_WARN_UNINITIALIZED_AUTOS = YES_AGGRESSIVE;
				GCC_WARN_UNUSED_FUNCTION = YES;
				GCC_WARN_UNUSED_VARIABLE = YES;
				IPHONEOS_DEPLOYMENT_TARGET = 16.4;
				MTL_ENABLE_DEBUG_INFO = NO;
				MTL_FAST_MATH = YES;
				SDKROOT = iphoneos;
				SWIFT_COMPILATION_MODE = wholemodule;
				SWIFT_OPTIMIZATION_LEVEL = "-O";
				VALIDATE_PRODUCT = YES;
			};
			name = Release;
		};
		5F00FC1C2A777BDF0055A4FA /* Debug */ = {
			isa = XCBuildConfiguration;
			buildSettings = {
				ASSETCATALOG_COMPILER_APPICON_NAME = AppIcon;
				ASSETCATALOG_COMPILER_GLOBAL_ACCENT_COLOR_NAME = AccentColor;
				CODE_SIGN_STYLE = Automatic;
				CURRENT_PROJECT_VERSION = 1;
				GENERATE_INFOPLIST_FILE = YES;
				INFOPLIST_FILE = iOS_H3/Info.plist;
				INFOPLIST_KEY_UIApplicationSupportsIndirectInputEvents = YES;
				INFOPLIST_KEY_UILaunchStoryboardName = LaunchScreen;
				INFOPLIST_KEY_UISupportedInterfaceOrientations = UIInterfaceOrientationPortrait;
				IPHONEOS_DEPLOYMENT_TARGET = 14.0;
				LD_RUNPATH_SEARCH_PATHS = (
					"$(inherited)",
					"@executable_path/Frameworks",
				);
				MARKETING_VERSION = 1.0;
				PRODUCT_BUNDLE_IDENTIFIER = "com.umocha-racer.iOS-H3";
				PRODUCT_NAME = "$(TARGET_NAME)";
				SUPPORTED_PLATFORMS = "iphoneos iphonesimulator";
				SUPPORTS_MACCATALYST = NO;
				SUPPORTS_MAC_DESIGNED_FOR_IPHONE_IPAD = NO;
				SWIFT_EMIT_LOC_STRINGS = YES;
				SWIFT_VERSION = 5.0;
				TARGETED_DEVICE_FAMILY = "1,2";
			};
			name = Debug;
		};
		5F00FC1D2A777BDF0055A4FA /* Release */ = {
			isa = XCBuildConfiguration;
			buildSettings = {
				ASSETCATALOG_COMPILER_APPICON_NAME = AppIcon;
				ASSETCATALOG_COMPILER_GLOBAL_ACCENT_COLOR_NAME = AccentColor;
				CODE_SIGN_STYLE = Automatic;
				CURRENT_PROJECT_VERSION = 1;
				GENERATE_INFOPLIST_FILE = YES;
				INFOPLIST_FILE = iOS_H3/Info.plist;
				INFOPLIST_KEY_UIApplicationSupportsIndirectInputEvents = YES;
				INFOPLIST_KEY_UILaunchStoryboardName = LaunchScreen;
				INFOPLIST_KEY_UISupportedInterfaceOrientations = UIInterfaceOrientationPortrait;
				IPHONEOS_DEPLOYMENT_TARGET = 14.0;
				LD_RUNPATH_SEARCH_PATHS = (
					"$(inherited)",
					"@executable_path/Frameworks",
				);
				MARKETING_VERSION = 1.0;
				PRODUCT_BUNDLE_IDENTIFIER = "com.umocha-racer.iOS-H3";
				PRODUCT_NAME = "$(TARGET_NAME)";
				SUPPORTED_PLATFORMS = "iphoneos iphonesimulator";
				SUPPORTS_MACCATALYST = NO;
				SUPPORTS_MAC_DESIGNED_FOR_IPHONE_IPAD = NO;
				SWIFT_EMIT_LOC_STRINGS = YES;
				SWIFT_VERSION = 5.0;
				TARGETED_DEVICE_FAMILY = "1,2";
			};
			name = Release;
		};
		5F00FC1F2A777BDF0055A4FA /* Debug */ = {
			isa = XCBuildConfiguration;
			buildSettings = {
				ALWAYS_EMBED_SWIFT_STANDARD_LIBRARIES = YES;
				BUNDLE_LOADER = "$(TEST_HOST)";
				CODE_SIGN_STYLE = Automatic;
				CURRENT_PROJECT_VERSION = 1;
				GENERATE_INFOPLIST_FILE = YES;
				IPHONEOS_DEPLOYMENT_TARGET = 16.4;
				MARKETING_VERSION = 1.0;
				PRODUCT_BUNDLE_IDENTIFIER = "com.umocha-racer.iOS-H3Tests";
				PRODUCT_NAME = "$(TARGET_NAME)";
				SWIFT_EMIT_LOC_STRINGS = NO;
				SWIFT_VERSION = 5.0;
				TARGETED_DEVICE_FAMILY = "1,2";
				TEST_HOST = "$(BUILT_PRODUCTS_DIR)/iOS_H3.app/$(BUNDLE_EXECUTABLE_FOLDER_PATH)/iOS_H3";
			};
			name = Debug;
		};
		5F00FC202A777BDF0055A4FA /* Release */ = {
			isa = XCBuildConfiguration;
			buildSettings = {
				ALWAYS_EMBED_SWIFT_STANDARD_LIBRARIES = YES;
				BUNDLE_LOADER = "$(TEST_HOST)";
				CODE_SIGN_STYLE = Automatic;
				CURRENT_PROJECT_VERSION = 1;
				GENERATE_INFOPLIST_FILE = YES;
				IPHONEOS_DEPLOYMENT_TARGET = 16.4;
				MARKETING_VERSION = 1.0;
				PRODUCT_BUNDLE_IDENTIFIER = "com.umocha-racer.iOS-H3Tests";
				PRODUCT_NAME = "$(TARGET_NAME)";
				SWIFT_EMIT_LOC_STRINGS = NO;
				SWIFT_VERSION = 5.0;
				TARGETED_DEVICE_FAMILY = "1,2";
				TEST_HOST = "$(BUILT_PRODUCTS_DIR)/iOS_H3.app/$(BUNDLE_EXECUTABLE_FOLDER_PATH)/iOS_H3";
			};
			name = Release;
		};
		5F00FC222A777BDF0055A4FA /* Debug */ = {
			isa = XCBuildConfiguration;
			buildSettings = {
				ALWAYS_EMBED_SWIFT_STANDARD_LIBRARIES = YES;
				CODE_SIGN_STYLE = Automatic;
				CURRENT_PROJECT_VERSION = 1;
				GENERATE_INFOPLIST_FILE = YES;
				MARKETING_VERSION = 1.0;
				PRODUCT_BUNDLE_IDENTIFIER = "com.umocha-racer.iOS-H3UITests";
				PRODUCT_NAME = "$(TARGET_NAME)";
				SWIFT_EMIT_LOC_STRINGS = NO;
				SWIFT_VERSION = 5.0;
				TARGETED_DEVICE_FAMILY = "1,2";
				TEST_TARGET_NAME = iOS_H3;
			};
			name = Debug;
		};
		5F00FC232A777BDF0055A4FA /* Release */ = {
			isa = XCBuildConfiguration;
			buildSettings = {
				ALWAYS_EMBED_SWIFT_STANDARD_LIBRARIES = YES;
				CODE_SIGN_STYLE = Automatic;
				CURRENT_PROJECT_VERSION = 1;
				GENERATE_INFOPLIST_FILE = YES;
				MARKETING_VERSION = 1.0;
				PRODUCT_BUNDLE_IDENTIFIER = "com.umocha-racer.iOS-H3UITests";
				PRODUCT_NAME = "$(TARGET_NAME)";
				SWIFT_EMIT_LOC_STRINGS = NO;
				SWIFT_VERSION = 5.0;
				TARGETED_DEVICE_FAMILY = "1,2";
				TEST_TARGET_NAME = iOS_H3;
			};
			name = Release;
		};
/* End XCBuildConfiguration section */

/* Begin XCConfigurationList section */
		5F00FBEC2A777BDE0055A4FA /* Build configuration list for PBXProject "iOS_H3" */ = {
			isa = XCConfigurationList;
			buildConfigurations = (
				5F00FC192A777BDF0055A4FA /* Debug */,
				5F00FC1A2A777BDF0055A4FA /* Release */,
			);
			defaultConfigurationIsVisible = 0;
			defaultConfigurationName = Release;
		};
		5F00FC1B2A777BDF0055A4FA /* Build configuration list for PBXNativeTarget "iOS_H3" */ = {
			isa = XCConfigurationList;
			buildConfigurations = (
				5F00FC1C2A777BDF0055A4FA /* Debug */,
				5F00FC1D2A777BDF0055A4FA /* Release */,
			);
			defaultConfigurationIsVisible = 0;
			defaultConfigurationName = Release;
		};
		5F00FC1E2A777BDF0055A4FA /* Build configuration list for PBXNativeTarget "iOS_H3Tests" */ = {
			isa = XCConfigurationList;
			buildConfigurations = (
				5F00FC1F2A777BDF0055A4FA /* Debug */,
				5F00FC202A777BDF0055A4FA /* Release */,
			);
			defaultConfigurationIsVisible = 0;
			defaultConfigurationName = Release;
		};
		5F00FC212A777BDF0055A4FA /* Build configuration list for PBXNativeTarget "iOS_H3UITests" */ = {
			isa = XCConfigurationList;
			buildConfigurations = (
				5F00FC222A777BDF0055A4FA /* Debug */,
				5F00FC232A777BDF0055A4FA /* Release */,
			);
			defaultConfigurationIsVisible = 0;
			defaultConfigurationName = Release;
		};
/* End XCConfigurationList section */
	};
	rootObject = 5F00FBE92A777BDE0055A4FA /* Project object */;
}
