// !$*UTF8*$!
{
	archiveVersion = 1;
	classes = {
	};
	objectVersion = 56;
	objects = {

/* Begin PBXBuildFile section */
		471917C22A7E422900B67D54 /* OhMyCarSetButtonViewController.swift in Sources */ = {isa = PBXBuildFile; fileRef = 471917C12A7E422900B67D54 /* OhMyCarSetButtonViewController.swift */; };
		471917C42A7EA5A700B67D54 /* CarMakingProgressBar.swift in Sources */ = {isa = PBXBuildFile; fileRef = 471917C32A7EA5A700B67D54 /* CarMakingProgressBar.swift */; };
		471917C62A7EA8C800B67D54 /* CarMakingProgressBarButton.swift in Sources */ = {isa = PBXBuildFile; fileRef = 471917C52A7EA8C700B67D54 /* CarMakingProgressBarButton.swift */; };
		471917C82A7F8CD500B67D54 /* CarMakingProgressBarViewController.swift in Sources */ = {isa = PBXBuildFile; fileRef = 471917C72A7F8CD500B67D54 /* CarMakingProgressBarViewController.swift */; };
		471917CA2A7FA02000B67D54 /* CarMakingStep.swift in Sources */ = {isa = PBXBuildFile; fileRef = 471917C92A7FA02000B67D54 /* CarMakingStep.swift */; };
		471917CC2A7FB11600B67D54 /* CarMakingProgressBarSpacingView.swift in Sources */ = {isa = PBXBuildFile; fileRef = 471917CB2A7FB11600B67D54 /* CarMakingProgressBarSpacingView.swift */; };
		471917D02A80E69A00B67D54 /* TwoOptionCardButtonView.swift in Sources */ = {isa = PBXBuildFile; fileRef = 471917CF2A80E69A00B67D54 /* TwoOptionCardButtonView.swift */; };
		471917D22A8118E200B67D54 /* TwoOptionCardButtonViewController.swift in Sources */ = {isa = PBXBuildFile; fileRef = 471917D12A8118E200B67D54 /* TwoOptionCardButtonViewController.swift */; };
		471917D62A811D3F00B67D54 /* OptionCardInfo.swift in Sources */ = {isa = PBXBuildFile; fileRef = 471917D52A811D3F00B67D54 /* OptionCardInfo.swift */; };
		471917DE2A81F9A200B67D54 /* OptionCardButtonListViewable.swift in Sources */ = {isa = PBXBuildFile; fileRef = 471917DD2A81F9A200B67D54 /* OptionCardButtonListViewable.swift */; };
		471917E62A82367000B67D54 /* CarMakingProgressBar.swift in Sources */ = {isa = PBXBuildFile; fileRef = 471917C32A7EA5A700B67D54 /* CarMakingProgressBar.swift */; };
		471917E72A82367200B67D54 /* CarMakingProgressBarSpacingView.swift in Sources */ = {isa = PBXBuildFile; fileRef = 471917CB2A7FB11600B67D54 /* CarMakingProgressBarSpacingView.swift */; };
		471917E82A82367400B67D54 /* CarMakingProgressBarButton.swift in Sources */ = {isa = PBXBuildFile; fileRef = 471917C52A7EA8C700B67D54 /* CarMakingProgressBarButton.swift */; };
		471917E92A82367800B67D54 /* CarMakingProgressBarViewController.swift in Sources */ = {isa = PBXBuildFile; fileRef = 471917C72A7F8CD500B67D54 /* CarMakingProgressBarViewController.swift */; };
		471917EA2A82369E00B67D54 /* CarMakingStep.swift in Sources */ = {isa = PBXBuildFile; fileRef = 471917C92A7FA02000B67D54 /* CarMakingStep.swift */; };
		471917EC2A8236EE00B67D54 /* TwoOptionCardButtonView.swift in Sources */ = {isa = PBXBuildFile; fileRef = 471917CF2A80E69A00B67D54 /* TwoOptionCardButtonView.swift */; };
		471917EE2A8236F200B67D54 /* TwoOptionCardButtonViewController.swift in Sources */ = {isa = PBXBuildFile; fileRef = 471917D12A8118E200B67D54 /* TwoOptionCardButtonViewController.swift */; };
		471917F02A82371100B67D54 /* OptionCardButtonListViewable.swift in Sources */ = {isa = PBXBuildFile; fileRef = 471917DD2A81F9A200B67D54 /* OptionCardButtonListViewable.swift */; };
		471917F12A82371E00B67D54 /* OptionCardInfo.swift in Sources */ = {isa = PBXBuildFile; fileRef = 471917D52A811D3F00B67D54 /* OptionCardInfo.swift */; };
		471917FC2A83338D00B67D54 /* URColor.swift in Sources */ = {isa = PBXBuildFile; fileRef = 471917FB2A83338D00B67D54 /* URColor.swift */; };
		471917FD2A83338D00B67D54 /* URColor.swift in Sources */ = {isa = PBXBuildFile; fileRef = 471917FB2A83338D00B67D54 /* URColor.swift */; };
		471917FF2A8339B100B67D54 /* MultiOptionCardButtonView.swift in Sources */ = {isa = PBXBuildFile; fileRef = 471917FE2A8339B100B67D54 /* MultiOptionCardButtonView.swift */; };
		471918002A8339B100B67D54 /* MultiOptionCardButtonView.swift in Sources */ = {isa = PBXBuildFile; fileRef = 471917FE2A8339B100B67D54 /* MultiOptionCardButtonView.swift */; };
		471918052A834D8600B67D54 /* OptionCardCell.swift in Sources */ = {isa = PBXBuildFile; fileRef = 471918042A834D8600B67D54 /* OptionCardCell.swift */; };
		471918062A834D8600B67D54 /* OptionCardCell.swift in Sources */ = {isa = PBXBuildFile; fileRef = 471918042A834D8600B67D54 /* OptionCardCell.swift */; };
		4719180B2A83651500B67D54 /* MultiOptionCardButtonViewController.swift in Sources */ = {isa = PBXBuildFile; fileRef = 4719180A2A83651500B67D54 /* MultiOptionCardButtonViewController.swift */; };
		4719180C2A83651500B67D54 /* MultiOptionCardButtonViewController.swift in Sources */ = {isa = PBXBuildFile; fileRef = 4719180A2A83651500B67D54 /* MultiOptionCardButtonViewController.swift */; };
		477620C52A7B80B900D60B59 /* UILabel+.swift in Sources */ = {isa = PBXBuildFile; fileRef = 477620C42A7B80B900D60B59 /* UILabel+.swift */; };
		477620F52A7BECC400D60B59 /* OhMyCarSetButton.swift in Sources */ = {isa = PBXBuildFile; fileRef = 477620F42A7BECC400D60B59 /* OhMyCarSetButton.swift */; };
		47CB8CB12A79ECD4004B24AD /* HyundaiSansHeadKRMedium.ttf in Resources */ = {isa = PBXBuildFile; fileRef = 47CB8CB02A79ECD4004B24AD /* HyundaiSansHeadKRMedium.ttf */; };
		47CB8CB32A79ECE0004B24AD /* HyundaiSansHeadKRRegular.ttf in Resources */ = {isa = PBXBuildFile; fileRef = 47CB8CB22A79ECE0004B24AD /* HyundaiSansHeadKRRegular.ttf */; };
		47CB8CB52A79EDB3004B24AD /* HyundaiSansTextKROTFMedium.otf in Resources */ = {isa = PBXBuildFile; fileRef = 47CB8CB42A79EDB3004B24AD /* HyundaiSansTextKROTFMedium.otf */; };
		47CB8CB72A79EDE9004B24AD /* HyundaiSansTextKROTFRegular.otf in Resources */ = {isa = PBXBuildFile; fileRef = 47CB8CB62A79EDE9004B24AD /* HyundaiSansTextKROTFRegular.otf */; };
		47CB8CB92A79F1DE004B24AD /* Fonts.swift in Sources */ = {isa = PBXBuildFile; fileRef = 47CB8CB82A79F1DE004B24AD /* Fonts.swift */; };
		5F00FBF52A777BDE0055A4FA /* AppDelegate.swift in Sources */ = {isa = PBXBuildFile; fileRef = 5F00FBF42A777BDE0055A4FA /* AppDelegate.swift */; };
		5F00FBF72A777BDE0055A4FA /* SceneDelegate.swift in Sources */ = {isa = PBXBuildFile; fileRef = 5F00FBF62A777BDE0055A4FA /* SceneDelegate.swift */; };
		5F00FBF92A777BDE0055A4FA /* ViewController.swift in Sources */ = {isa = PBXBuildFile; fileRef = 5F00FBF82A777BDE0055A4FA /* ViewController.swift */; };
		5F00FBFE2A777BDF0055A4FA /* Assets.xcassets in Resources */ = {isa = PBXBuildFile; fileRef = 5F00FBFD2A777BDF0055A4FA /* Assets.xcassets */; };
		5F00FC012A777BDF0055A4FA /* LaunchScreen.storyboard in Resources */ = {isa = PBXBuildFile; fileRef = 5F00FBFF2A777BDF0055A4FA /* LaunchScreen.storyboard */; };
		5F00FC0C2A777BDF0055A4FA /* IosH3Tests.swift in Sources */ = {isa = PBXBuildFile; fileRef = 5F00FC0B2A777BDF0055A4FA /* IosH3Tests.swift */; };
		5F00FC162A777BDF0055A4FA /* IosH3UiTests.swift in Sources */ = {isa = PBXBuildFile; fileRef = 5F00FC152A777BDF0055A4FA /* IosH3UiTests.swift */; };
		5F00FC182A777BDF0055A4FA /* IosH3UITestsLaunchTests.swift in Sources */ = {isa = PBXBuildFile; fileRef = 5F00FC172A777BDF0055A4FA /* IosH3UITestsLaunchTests.swift */; };
		5F1FC1CA2A82577C00C54EBE /* CarMakingCollectionViewCell.swift in Sources */ = {isa = PBXBuildFile; fileRef = 5F1FC1C92A82577C00C54EBE /* CarMakingCollectionViewCell.swift */; };
		5F1FC1CB2A82577C00C54EBE /* CarMakingCollectionViewCell.swift in Sources */ = {isa = PBXBuildFile; fileRef = 5F1FC1C92A82577C00C54EBE /* CarMakingCollectionViewCell.swift */; };
		5F2593DE2A7FB3FD001B2D84 /* TagListView.swift in Sources */ = {isa = PBXBuildFile; fileRef = 5F2593DD2A7FB3FD001B2D84 /* TagListView.swift */; };
		5F2593E02A7FBCFE001B2D84 /* OptionMotionView.swift in Sources */ = {isa = PBXBuildFile; fileRef = 5F2593DF2A7FBCFE001B2D84 /* OptionMotionView.swift */; };
		5F2593E22A7FCA16001B2D84 /* OptionCardButtonViewController.swift in Sources */ = {isa = PBXBuildFile; fileRef = 5F2593E12A7FCA16001B2D84 /* OptionCardButtonViewController.swift */; };
		5F371BAF2A88B7D700E6CFCD /* OptionCategoryTabbarViewController.swift in Sources */ = {isa = PBXBuildFile; fileRef = 5F371BAE2A88B7D700E6CFCD /* OptionCategoryTabbarViewController.swift */; };
		5F371BB12A88B99800E6CFCD /* OptionCategoryType.swift in Sources */ = {isa = PBXBuildFile; fileRef = 5F371BB02A88B99800E6CFCD /* OptionCategoryType.swift */; };
		5F371BB22A88B99800E6CFCD /* OptionCategoryType.swift in Sources */ = {isa = PBXBuildFile; fileRef = 5F371BB02A88B99800E6CFCD /* OptionCategoryType.swift */; };
		5F39EF3B2A81B476004B0C97 /* Assets.xcassets in Resources */ = {isa = PBXBuildFile; fileRef = 5F00FBFD2A777BDF0055A4FA /* Assets.xcassets */; };
		5F39EF3C2A81B483004B0C97 /* HyundaiSansHeadKRRegular.ttf in Resources */ = {isa = PBXBuildFile; fileRef = 47CB8CB22A79ECE0004B24AD /* HyundaiSansHeadKRRegular.ttf */; };
		5F39EF3E2A81B79A004B0C97 /* OptionCardButton.swift in Sources */ = {isa = PBXBuildFile; fileRef = 5F5F72502A7E13600084AFD4 /* OptionCardButton.swift */; };
		5F39EF412A81B7A1004B0C97 /* TagListView.swift in Sources */ = {isa = PBXBuildFile; fileRef = 5F2593DD2A7FB3FD001B2D84 /* TagListView.swift */; };
		5F39EF422A81B7A3004B0C97 /* OptionMotionView.swift in Sources */ = {isa = PBXBuildFile; fileRef = 5F2593DF2A7FBCFE001B2D84 /* OptionMotionView.swift */; };
		5F39EF432A81B7A5004B0C97 /* OptionCardButtonViewController.swift in Sources */ = {isa = PBXBuildFile; fileRef = 5F2593E12A7FCA16001B2D84 /* OptionCardButtonViewController.swift */; };
		5F39EF452A81B8E7004B0C97 /* OhMyCarSetButtonViewController.swift in Sources */ = {isa = PBXBuildFile; fileRef = 471917C12A7E422900B67D54 /* OhMyCarSetButtonViewController.swift */; };
		5F39EF462A81B8E9004B0C97 /* OhMyCarSetButton.swift in Sources */ = {isa = PBXBuildFile; fileRef = 477620F42A7BECC400D60B59 /* OhMyCarSetButton.swift */; };
		5F3B50B92A79EDA900158E96 /* Colors.swift in Sources */ = {isa = PBXBuildFile; fileRef = 5F3B50B82A79EDA900158E96 /* Colors.swift */; };
		5F3B50BB2A79EDE900158E96 /* UIColor+.swift in Sources */ = {isa = PBXBuildFile; fileRef = 5F3B50BA2A79EDE900158E96 /* UIColor+.swift */; };
		5F49755A2A811A5C008FFFE5 /* OhMyCarSetTitleBarViewController.swift in Sources */ = {isa = PBXBuildFile; fileRef = 5F5F724C2A7E03460084AFD4 /* OhMyCarSetTitleBarViewController.swift */; };
		5F49755C2A811AAC008FFFE5 /* Fonts.swift in Sources */ = {isa = PBXBuildFile; fileRef = 47CB8CB82A79F1DE004B24AD /* Fonts.swift */; };
		5F49755D2A811AAF008FFFE5 /* Colors.swift in Sources */ = {isa = PBXBuildFile; fileRef = 5F3B50B82A79EDA900158E96 /* Colors.swift */; };
		5F49755E2A811ABE008FFFE5 /* UIColor+.swift in Sources */ = {isa = PBXBuildFile; fileRef = 5F3B50BA2A79EDE900158E96 /* UIColor+.swift */; };
		5F49755F2A811AC1008FFFE5 /* UILabel+.swift in Sources */ = {isa = PBXBuildFile; fileRef = 477620C42A7B80B900D60B59 /* UILabel+.swift */; };
		5F4975602A811F56008FFFE5 /* HyundaiSansTextKROTFMedium.otf in Resources */ = {isa = PBXBuildFile; fileRef = 47CB8CB42A79EDB3004B24AD /* HyundaiSansTextKROTFMedium.otf */; };
		5F4975612A811F56008FFFE5 /* HyundaiSansTextKROTFRegular.otf in Resources */ = {isa = PBXBuildFile; fileRef = 47CB8CB62A79EDE9004B24AD /* HyundaiSansTextKROTFRegular.otf */; };
		5F4975622A811F56008FFFE5 /* HyundaiSansHeadKRMedium.ttf in Resources */ = {isa = PBXBuildFile; fileRef = 47CB8CB02A79ECD4004B24AD /* HyundaiSansHeadKRMedium.ttf */; };
		5F4D33AF2A87519600942517 /* ImageCacheManager.swift in Sources */ = {isa = PBXBuildFile; fileRef = 5F4D33AE2A87519600942517 /* ImageCacheManager.swift */; };
		5F4D33B02A87519600942517 /* ImageCacheManager.swift in Sources */ = {isa = PBXBuildFile; fileRef = 5F4D33AE2A87519600942517 /* ImageCacheManager.swift */; };
		5F4D33B22A8751E500942517 /* UIImageView+.swift in Sources */ = {isa = PBXBuildFile; fileRef = 5F4D33B12A8751E500942517 /* UIImageView+.swift */; };
		5F4D33B32A8751E500942517 /* UIImageView+.swift in Sources */ = {isa = PBXBuildFile; fileRef = 5F4D33B12A8751E500942517 /* UIImageView+.swift */; };
		5F4D33B52A8758FF00942517 /* PageSection.swift in Sources */ = {isa = PBXBuildFile; fileRef = 5F4D33B42A8758FF00942517 /* PageSection.swift */; };
		5F4D33B62A8758FF00942517 /* PageSection.swift in Sources */ = {isa = PBXBuildFile; fileRef = 5F4D33B42A8758FF00942517 /* PageSection.swift */; };
		5F4DB0EF2A89A6C200E905A7 /* UIView+.swift in Sources */ = {isa = PBXBuildFile; fileRef = 5F4DB0EE2A89A6C200E905A7 /* UIView+.swift */; };
		5F4DB0F02A89A6C200E905A7 /* UIView+.swift in Sources */ = {isa = PBXBuildFile; fileRef = 5F4DB0EE2A89A6C200E905A7 /* UIView+.swift */; };
		5F4DB0F12A89A9B900E905A7 /* .swiftlint.yml in Resources */ = {isa = PBXBuildFile; fileRef = 5F5E21122A78DD21003C1185 /* .swiftlint.yml */; };
		5F5E21132A78DD21003C1185 /* .swiftlint.yml in Resources */ = {isa = PBXBuildFile; fileRef = 5F5E21122A78DD21003C1185 /* .swiftlint.yml */; };
		5F5F724D2A7E03460084AFD4 /* OhMyCarSetTitleBarViewController.swift in Sources */ = {isa = PBXBuildFile; fileRef = 5F5F724C2A7E03460084AFD4 /* OhMyCarSetTitleBarViewController.swift */; };
		5F5F72512A7E13600084AFD4 /* OptionCardButton.swift in Sources */ = {isa = PBXBuildFile; fileRef = 5F5F72502A7E13600084AFD4 /* OptionCardButton.swift */; };
		5F6203692A7BC59500D09531 /* AppDelegate.swift in Sources */ = {isa = PBXBuildFile; fileRef = 5F6203682A7BC59500D09531 /* AppDelegate.swift */; };
		5F62036B2A7BC59500D09531 /* SceneDelegate.swift in Sources */ = {isa = PBXBuildFile; fileRef = 5F62036A2A7BC59500D09531 /* SceneDelegate.swift */; };
		5F62036D2A7BC59500D09531 /* ComponentMainViewController.swift in Sources */ = {isa = PBXBuildFile; fileRef = 5F62036C2A7BC59500D09531 /* ComponentMainViewController.swift */; };
		5F6203722A7BC59600D09531 /* Assets.xcassets in Resources */ = {isa = PBXBuildFile; fileRef = 5F6203712A7BC59600D09531 /* Assets.xcassets */; };
		5F6203752A7BC59600D09531 /* LaunchScreen.storyboard in Resources */ = {isa = PBXBuildFile; fileRef = 5F6203732A7BC59600D09531 /* LaunchScreen.storyboard */; };
		5F6203802A7BC59600D09531 /* iOS_H3_UITests.swift in Sources */ = {isa = PBXBuildFile; fileRef = 5F62037F2A7BC59600D09531 /* iOS_H3_UITests.swift */; };
		5F62038A2A7BC59700D09531 /* iOS_H3_UIUITests.swift in Sources */ = {isa = PBXBuildFile; fileRef = 5F6203892A7BC59700D09531 /* iOS_H3_UIUITests.swift */; };
		5F62038C2A7BC59700D09531 /* iOS_H3_UIUITestsLaunchTests.swift in Sources */ = {isa = PBXBuildFile; fileRef = 5F62038B2A7BC59700D09531 /* iOS_H3_UIUITestsLaunchTests.swift */; };
		5F6603EC2A837F96000E393D /* CarMakingTwoOptionCell.swift in Sources */ = {isa = PBXBuildFile; fileRef = 5F6603EB2A837F96000E393D /* CarMakingTwoOptionCell.swift */; };
		5F6603ED2A837F96000E393D /* CarMakingTwoOptionCell.swift in Sources */ = {isa = PBXBuildFile; fileRef = 5F6603EB2A837F96000E393D /* CarMakingTwoOptionCell.swift */; };
		5F6603EF2A8380C8000E393D /* CarMakingMultipleOptionCell.swift in Sources */ = {isa = PBXBuildFile; fileRef = 5F6603EE2A8380C8000E393D /* CarMakingMultipleOptionCell.swift */; };
		5F6603F02A8380C8000E393D /* CarMakingMultipleOptionCell.swift in Sources */ = {isa = PBXBuildFile; fileRef = 5F6603EE2A8380C8000E393D /* CarMakingMultipleOptionCell.swift */; };
		5F6A82F42A887B0B0025D5A4 /* OptionCategoryTabBar.swift in Sources */ = {isa = PBXBuildFile; fileRef = 5F6A82F32A887B0B0025D5A4 /* OptionCategoryTabBar.swift */; };
		5F6A82F52A887B0B0025D5A4 /* OptionCategoryTabBar.swift in Sources */ = {isa = PBXBuildFile; fileRef = 5F6A82F32A887B0B0025D5A4 /* OptionCategoryTabBar.swift */; };
		5F8EBC4A2A81203C00C885CE /* OhMyCarSetTitleBar.swift in Sources */ = {isa = PBXBuildFile; fileRef = 5F8EBC492A81203C00C885CE /* OhMyCarSetTitleBar.swift */; };
		5F8EBC4B2A81203C00C885CE /* OhMyCarSetTitleBar.swift in Sources */ = {isa = PBXBuildFile; fileRef = 5F8EBC492A81203C00C885CE /* OhMyCarSetTitleBar.swift */; };
		5F99F0632A85171600C38555 /* CarMakingContentView.swift in Sources */ = {isa = PBXBuildFile; fileRef = 5F99F0622A85171600C38555 /* CarMakingContentView.swift */; };
		5F99F0642A85171600C38555 /* CarMakingContentView.swift in Sources */ = {isa = PBXBuildFile; fileRef = 5F99F0622A85171600C38555 /* CarMakingContentView.swift */; };
		5F99F0662A851F4700C38555 /* CarMakingContentViewController.swift in Sources */ = {isa = PBXBuildFile; fileRef = 5F99F0652A851F4700C38555 /* CarMakingContentViewController.swift */; };
/* End PBXBuildFile section */

/* Begin PBXContainerItemProxy section */
		5F00FC082A777BDF0055A4FA /* PBXContainerItemProxy */ = {
			isa = PBXContainerItemProxy;
			containerPortal = 5F00FBE92A777BDE0055A4FA /* Project object */;
			proxyType = 1;
			remoteGlobalIDString = 5F00FBF02A777BDE0055A4FA;
			remoteInfo = iOS_H3;
		};
		5F00FC122A777BDF0055A4FA /* PBXContainerItemProxy */ = {
			isa = PBXContainerItemProxy;
			containerPortal = 5F00FBE92A777BDE0055A4FA /* Project object */;
			proxyType = 1;
			remoteGlobalIDString = 5F00FBF02A777BDE0055A4FA;
			remoteInfo = iOS_H3;
		};
		5F62037C2A7BC59600D09531 /* PBXContainerItemProxy */ = {
			isa = PBXContainerItemProxy;
			containerPortal = 5F00FBE92A777BDE0055A4FA /* Project object */;
			proxyType = 1;
			remoteGlobalIDString = 5F6203652A7BC59500D09531;
			remoteInfo = iOS_H3_UI;
		};
		5F6203862A7BC59700D09531 /* PBXContainerItemProxy */ = {
			isa = PBXContainerItemProxy;
			containerPortal = 5F00FBE92A777BDE0055A4FA /* Project object */;
			proxyType = 1;
			remoteGlobalIDString = 5F6203652A7BC59500D09531;
			remoteInfo = iOS_H3_UI;
		};
/* End PBXContainerItemProxy section */

/* Begin PBXCopyFilesBuildPhase section */
		5F6202BE2A7BC16700D09531 /* Embed Frameworks */ = {
			isa = PBXCopyFilesBuildPhase;
			buildActionMask = 2147483647;
			dstPath = "";
			dstSubfolderSpec = 10;
			files = (
			);
			name = "Embed Frameworks";
			runOnlyForDeploymentPostprocessing = 0;
		};
/* End PBXCopyFilesBuildPhase section */

/* Begin PBXFileReference section */
		471917C12A7E422900B67D54 /* OhMyCarSetButtonViewController.swift */ = {isa = PBXFileReference; lastKnownFileType = sourcecode.swift; path = OhMyCarSetButtonViewController.swift; sourceTree = "<group>"; };
		471917C32A7EA5A700B67D54 /* CarMakingProgressBar.swift */ = {isa = PBXFileReference; lastKnownFileType = sourcecode.swift; path = CarMakingProgressBar.swift; sourceTree = "<group>"; };
		471917C52A7EA8C700B67D54 /* CarMakingProgressBarButton.swift */ = {isa = PBXFileReference; lastKnownFileType = sourcecode.swift; path = CarMakingProgressBarButton.swift; sourceTree = "<group>"; };
		471917C72A7F8CD500B67D54 /* CarMakingProgressBarViewController.swift */ = {isa = PBXFileReference; lastKnownFileType = sourcecode.swift; path = CarMakingProgressBarViewController.swift; sourceTree = "<group>"; };
		471917C92A7FA02000B67D54 /* CarMakingStep.swift */ = {isa = PBXFileReference; lastKnownFileType = sourcecode.swift; path = CarMakingStep.swift; sourceTree = "<group>"; };
		471917CB2A7FB11600B67D54 /* CarMakingProgressBarSpacingView.swift */ = {isa = PBXFileReference; lastKnownFileType = sourcecode.swift; path = CarMakingProgressBarSpacingView.swift; sourceTree = "<group>"; };
		471917CF2A80E69A00B67D54 /* TwoOptionCardButtonView.swift */ = {isa = PBXFileReference; lastKnownFileType = sourcecode.swift; path = TwoOptionCardButtonView.swift; sourceTree = "<group>"; };
		471917D12A8118E200B67D54 /* TwoOptionCardButtonViewController.swift */ = {isa = PBXFileReference; lastKnownFileType = sourcecode.swift; path = TwoOptionCardButtonViewController.swift; sourceTree = "<group>"; };
		471917D52A811D3F00B67D54 /* OptionCardInfo.swift */ = {isa = PBXFileReference; lastKnownFileType = sourcecode.swift; path = OptionCardInfo.swift; sourceTree = "<group>"; };
		471917DD2A81F9A200B67D54 /* OptionCardButtonListViewable.swift */ = {isa = PBXFileReference; fileEncoding = 4; lastKnownFileType = sourcecode.swift; name = OptionCardButtonListViewable.swift; path = iOS_H3_UI/OptionCardButonListView/OptionCardButtonListViewable.swift; sourceTree = SOURCE_ROOT; };
		471917FB2A83338D00B67D54 /* URColor.swift */ = {isa = PBXFileReference; lastKnownFileType = sourcecode.swift; path = URColor.swift; sourceTree = "<group>"; };
		471917FE2A8339B100B67D54 /* MultiOptionCardButtonView.swift */ = {isa = PBXFileReference; lastKnownFileType = sourcecode.swift; path = MultiOptionCardButtonView.swift; sourceTree = "<group>"; };
		471918042A834D8600B67D54 /* OptionCardCell.swift */ = {isa = PBXFileReference; lastKnownFileType = sourcecode.swift; path = OptionCardCell.swift; sourceTree = "<group>"; };
		4719180A2A83651500B67D54 /* MultiOptionCardButtonViewController.swift */ = {isa = PBXFileReference; lastKnownFileType = sourcecode.swift; path = MultiOptionCardButtonViewController.swift; sourceTree = "<group>"; };
		477620C42A7B80B900D60B59 /* UILabel+.swift */ = {isa = PBXFileReference; lastKnownFileType = sourcecode.swift; path = "UILabel+.swift"; sourceTree = "<group>"; };
		477620F42A7BECC400D60B59 /* OhMyCarSetButton.swift */ = {isa = PBXFileReference; lastKnownFileType = sourcecode.swift; path = OhMyCarSetButton.swift; sourceTree = "<group>"; };
		47CB8CB02A79ECD4004B24AD /* HyundaiSansHeadKRMedium.ttf */ = {isa = PBXFileReference; lastKnownFileType = file; path = HyundaiSansHeadKRMedium.ttf; sourceTree = "<group>"; };
		47CB8CB22A79ECE0004B24AD /* HyundaiSansHeadKRRegular.ttf */ = {isa = PBXFileReference; lastKnownFileType = file; path = HyundaiSansHeadKRRegular.ttf; sourceTree = "<group>"; };
		47CB8CB42A79EDB3004B24AD /* HyundaiSansTextKROTFMedium.otf */ = {isa = PBXFileReference; lastKnownFileType = file; path = HyundaiSansTextKROTFMedium.otf; sourceTree = "<group>"; };
		47CB8CB62A79EDE9004B24AD /* HyundaiSansTextKROTFRegular.otf */ = {isa = PBXFileReference; lastKnownFileType = file; path = HyundaiSansTextKROTFRegular.otf; sourceTree = "<group>"; };
		47CB8CB82A79F1DE004B24AD /* Fonts.swift */ = {isa = PBXFileReference; lastKnownFileType = sourcecode.swift; path = Fonts.swift; sourceTree = "<group>"; };
		5F00FBF12A777BDE0055A4FA /* iOS_H3.app */ = {isa = PBXFileReference; explicitFileType = wrapper.application; includeInIndex = 0; path = iOS_H3.app; sourceTree = BUILT_PRODUCTS_DIR; };
		5F00FBF42A777BDE0055A4FA /* AppDelegate.swift */ = {isa = PBXFileReference; lastKnownFileType = sourcecode.swift; path = AppDelegate.swift; sourceTree = "<group>"; };
		5F00FBF62A777BDE0055A4FA /* SceneDelegate.swift */ = {isa = PBXFileReference; lastKnownFileType = sourcecode.swift; path = SceneDelegate.swift; sourceTree = "<group>"; };
		5F00FBF82A777BDE0055A4FA /* ViewController.swift */ = {isa = PBXFileReference; lastKnownFileType = sourcecode.swift; path = ViewController.swift; sourceTree = "<group>"; };
		5F00FBFD2A777BDF0055A4FA /* Assets.xcassets */ = {isa = PBXFileReference; lastKnownFileType = folder.assetcatalog; path = Assets.xcassets; sourceTree = "<group>"; };
		5F00FC002A777BDF0055A4FA /* Base */ = {isa = PBXFileReference; lastKnownFileType = file.storyboard; name = Base; path = Base.lproj/LaunchScreen.storyboard; sourceTree = "<group>"; };
		5F00FC022A777BDF0055A4FA /* Info.plist */ = {isa = PBXFileReference; lastKnownFileType = text.plist.xml; path = Info.plist; sourceTree = "<group>"; };
		5F00FC072A777BDF0055A4FA /* iOS_H3Tests.xctest */ = {isa = PBXFileReference; explicitFileType = wrapper.cfbundle; includeInIndex = 0; path = iOS_H3Tests.xctest; sourceTree = BUILT_PRODUCTS_DIR; };
		5F00FC0B2A777BDF0055A4FA /* IosH3Tests.swift */ = {isa = PBXFileReference; lastKnownFileType = sourcecode.swift; path = IosH3Tests.swift; sourceTree = "<group>"; };
		5F00FC112A777BDF0055A4FA /* iOS_H3UITests.xctest */ = {isa = PBXFileReference; explicitFileType = wrapper.cfbundle; includeInIndex = 0; path = iOS_H3UITests.xctest; sourceTree = BUILT_PRODUCTS_DIR; };
		5F00FC152A777BDF0055A4FA /* IosH3UiTests.swift */ = {isa = PBXFileReference; lastKnownFileType = sourcecode.swift; path = IosH3UiTests.swift; sourceTree = "<group>"; };
		5F00FC172A777BDF0055A4FA /* IosH3UITestsLaunchTests.swift */ = {isa = PBXFileReference; lastKnownFileType = sourcecode.swift; path = IosH3UITestsLaunchTests.swift; sourceTree = "<group>"; };
		5F1FC1C92A82577C00C54EBE /* CarMakingCollectionViewCell.swift */ = {isa = PBXFileReference; lastKnownFileType = sourcecode.swift; path = CarMakingCollectionViewCell.swift; sourceTree = "<group>"; };
		5F2593DD2A7FB3FD001B2D84 /* TagListView.swift */ = {isa = PBXFileReference; lastKnownFileType = sourcecode.swift; path = TagListView.swift; sourceTree = "<group>"; };
		5F2593DF2A7FBCFE001B2D84 /* OptionMotionView.swift */ = {isa = PBXFileReference; lastKnownFileType = sourcecode.swift; path = OptionMotionView.swift; sourceTree = "<group>"; };
		5F2593E12A7FCA16001B2D84 /* OptionCardButtonViewController.swift */ = {isa = PBXFileReference; lastKnownFileType = sourcecode.swift; path = OptionCardButtonViewController.swift; sourceTree = "<group>"; };
		5F371BAE2A88B7D700E6CFCD /* OptionCategoryTabbarViewController.swift */ = {isa = PBXFileReference; lastKnownFileType = sourcecode.swift; path = OptionCategoryTabbarViewController.swift; sourceTree = "<group>"; };
		5F371BB02A88B99800E6CFCD /* OptionCategoryType.swift */ = {isa = PBXFileReference; lastKnownFileType = sourcecode.swift; path = OptionCategoryType.swift; sourceTree = "<group>"; };
		5F3B50B82A79EDA900158E96 /* Colors.swift */ = {isa = PBXFileReference; lastKnownFileType = sourcecode.swift; path = Colors.swift; sourceTree = "<group>"; };
		5F3B50BA2A79EDE900158E96 /* UIColor+.swift */ = {isa = PBXFileReference; lastKnownFileType = sourcecode.swift; path = "UIColor+.swift"; sourceTree = "<group>"; };
		5F4D33AE2A87519600942517 /* ImageCacheManager.swift */ = {isa = PBXFileReference; lastKnownFileType = sourcecode.swift; path = ImageCacheManager.swift; sourceTree = "<group>"; };
		5F4D33B12A8751E500942517 /* UIImageView+.swift */ = {isa = PBXFileReference; lastKnownFileType = sourcecode.swift; path = "UIImageView+.swift"; sourceTree = "<group>"; };
		5F4D33B42A8758FF00942517 /* PageSection.swift */ = {isa = PBXFileReference; lastKnownFileType = sourcecode.swift; path = PageSection.swift; sourceTree = "<group>"; };
		5F4DB0EE2A89A6C200E905A7 /* UIView+.swift */ = {isa = PBXFileReference; lastKnownFileType = sourcecode.swift; path = "UIView+.swift"; sourceTree = "<group>"; };
		5F5E21122A78DD21003C1185 /* .swiftlint.yml */ = {isa = PBXFileReference; lastKnownFileType = text.yaml; path = .swiftlint.yml; sourceTree = "<group>"; };
		5F5F724C2A7E03460084AFD4 /* OhMyCarSetTitleBarViewController.swift */ = {isa = PBXFileReference; lastKnownFileType = sourcecode.swift; path = OhMyCarSetTitleBarViewController.swift; sourceTree = "<group>"; };
		5F5F72502A7E13600084AFD4 /* OptionCardButton.swift */ = {isa = PBXFileReference; lastKnownFileType = sourcecode.swift; path = OptionCardButton.swift; sourceTree = "<group>"; };
		5F6203662A7BC59500D09531 /* iOS_H3_UI.app */ = {isa = PBXFileReference; explicitFileType = wrapper.application; includeInIndex = 0; path = iOS_H3_UI.app; sourceTree = BUILT_PRODUCTS_DIR; };
		5F6203682A7BC59500D09531 /* AppDelegate.swift */ = {isa = PBXFileReference; lastKnownFileType = sourcecode.swift; path = AppDelegate.swift; sourceTree = "<group>"; };
		5F62036A2A7BC59500D09531 /* SceneDelegate.swift */ = {isa = PBXFileReference; lastKnownFileType = sourcecode.swift; path = SceneDelegate.swift; sourceTree = "<group>"; };
		5F62036C2A7BC59500D09531 /* ComponentMainViewController.swift */ = {isa = PBXFileReference; lastKnownFileType = sourcecode.swift; path = ComponentMainViewController.swift; sourceTree = "<group>"; };
		5F6203712A7BC59600D09531 /* Assets.xcassets */ = {isa = PBXFileReference; lastKnownFileType = folder.assetcatalog; path = Assets.xcassets; sourceTree = "<group>"; };
		5F6203742A7BC59600D09531 /* Base */ = {isa = PBXFileReference; lastKnownFileType = file.storyboard; name = Base; path = Base.lproj/LaunchScreen.storyboard; sourceTree = "<group>"; };
		5F6203762A7BC59600D09531 /* Info.plist */ = {isa = PBXFileReference; lastKnownFileType = text.plist.xml; path = Info.plist; sourceTree = "<group>"; };
		5F62037B2A7BC59600D09531 /* iOS_H3_UITests.xctest */ = {isa = PBXFileReference; explicitFileType = wrapper.cfbundle; includeInIndex = 0; path = iOS_H3_UITests.xctest; sourceTree = BUILT_PRODUCTS_DIR; };
		5F62037F2A7BC59600D09531 /* iOS_H3_UITests.swift */ = {isa = PBXFileReference; lastKnownFileType = sourcecode.swift; path = iOS_H3_UITests.swift; sourceTree = "<group>"; };
		5F6203852A7BC59600D09531 /* iOS_H3_UIUITests.xctest */ = {isa = PBXFileReference; explicitFileType = wrapper.cfbundle; includeInIndex = 0; path = iOS_H3_UIUITests.xctest; sourceTree = BUILT_PRODUCTS_DIR; };
		5F6203892A7BC59700D09531 /* iOS_H3_UIUITests.swift */ = {isa = PBXFileReference; lastKnownFileType = sourcecode.swift; path = iOS_H3_UIUITests.swift; sourceTree = "<group>"; };
		5F62038B2A7BC59700D09531 /* iOS_H3_UIUITestsLaunchTests.swift */ = {isa = PBXFileReference; lastKnownFileType = sourcecode.swift; path = iOS_H3_UIUITestsLaunchTests.swift; sourceTree = "<group>"; };
		5F6603EB2A837F96000E393D /* CarMakingTwoOptionCell.swift */ = {isa = PBXFileReference; lastKnownFileType = sourcecode.swift; path = CarMakingTwoOptionCell.swift; sourceTree = "<group>"; };
		5F6603EE2A8380C8000E393D /* CarMakingMultipleOptionCell.swift */ = {isa = PBXFileReference; lastKnownFileType = sourcecode.swift; path = CarMakingMultipleOptionCell.swift; sourceTree = "<group>"; };
		5F6A82F32A887B0B0025D5A4 /* OptionCategoryTabBar.swift */ = {isa = PBXFileReference; lastKnownFileType = sourcecode.swift; path = OptionCategoryTabBar.swift; sourceTree = "<group>"; };
		5F8EBC492A81203C00C885CE /* OhMyCarSetTitleBar.swift */ = {isa = PBXFileReference; fileEncoding = 4; lastKnownFileType = sourcecode.swift; path = OhMyCarSetTitleBar.swift; sourceTree = "<group>"; };
		5F99F0622A85171600C38555 /* CarMakingContentView.swift */ = {isa = PBXFileReference; lastKnownFileType = sourcecode.swift; path = CarMakingContentView.swift; sourceTree = "<group>"; };
		5F99F0652A851F4700C38555 /* CarMakingContentViewController.swift */ = {isa = PBXFileReference; lastKnownFileType = sourcecode.swift; path = CarMakingContentViewController.swift; sourceTree = "<group>"; };
/* End PBXFileReference section */

/* Begin PBXFrameworksBuildPhase section */
		5F00FBEE2A777BDE0055A4FA /* Frameworks */ = {
			isa = PBXFrameworksBuildPhase;
			buildActionMask = 2147483647;
			files = (
			);
			runOnlyForDeploymentPostprocessing = 0;
		};
		5F00FC042A777BDF0055A4FA /* Frameworks */ = {
			isa = PBXFrameworksBuildPhase;
			buildActionMask = 2147483647;
			files = (
			);
			runOnlyForDeploymentPostprocessing = 0;
		};
		5F00FC0E2A777BDF0055A4FA /* Frameworks */ = {
			isa = PBXFrameworksBuildPhase;
			buildActionMask = 2147483647;
			files = (
			);
			runOnlyForDeploymentPostprocessing = 0;
		};
		5F6203632A7BC59500D09531 /* Frameworks */ = {
			isa = PBXFrameworksBuildPhase;
			buildActionMask = 2147483647;
			files = (
			);
			runOnlyForDeploymentPostprocessing = 0;
		};
		5F6203782A7BC59600D09531 /* Frameworks */ = {
			isa = PBXFrameworksBuildPhase;
			buildActionMask = 2147483647;
			files = (
			);
			runOnlyForDeploymentPostprocessing = 0;
		};
		5F6203822A7BC59600D09531 /* Frameworks */ = {
			isa = PBXFrameworksBuildPhase;
			buildActionMask = 2147483647;
			files = (
			);
			runOnlyForDeploymentPostprocessing = 0;
		};
/* End PBXFrameworksBuildPhase section */

/* Begin PBXGroup section */
		471917E52A82365200B67D54 /* CarMakingProgressBar */ = {
			isa = PBXGroup;
			children = (
				471917C32A7EA5A700B67D54 /* CarMakingProgressBar.swift */,
				471917CB2A7FB11600B67D54 /* CarMakingProgressBarSpacingView.swift */,
				471917C52A7EA8C700B67D54 /* CarMakingProgressBarButton.swift */,
				471917C72A7F8CD500B67D54 /* CarMakingProgressBarViewController.swift */,
			);
			path = CarMakingProgressBar;
			sourceTree = "<group>";
		};
		471917EB2A8236A500B67D54 /* TwoOptionCardButtonView */ = {
			isa = PBXGroup;
			children = (
				471917CF2A80E69A00B67D54 /* TwoOptionCardButtonView.swift */,
				471917D12A8118E200B67D54 /* TwoOptionCardButtonViewController.swift */,
			);
			path = TwoOptionCardButtonView;
			sourceTree = "<group>";
		};
		471917EF2A8236FD00B67D54 /* OptionCardButonListView */ = {
			isa = PBXGroup;
			children = (
				471917DD2A81F9A200B67D54 /* OptionCardButtonListViewable.swift */,
				471917EB2A8236A500B67D54 /* TwoOptionCardButtonView */,
				471917FE2A8339B100B67D54 /* MultiOptionCardButtonView.swift */,
				471918042A834D8600B67D54 /* OptionCardCell.swift */,
				4719180A2A83651500B67D54 /* MultiOptionCardButtonViewController.swift */,
			);
			path = OptionCardButonListView;
			sourceTree = "<group>";
		};
		477620C62A7B8F5300D60B59 /* Extensions */ = {
			isa = PBXGroup;
			children = (
				5F3B50BA2A79EDE900158E96 /* UIColor+.swift */,
				477620C42A7B80B900D60B59 /* UILabel+.swift */,
				5F4D33B12A8751E500942517 /* UIImageView+.swift */,
				5F4DB0EE2A89A6C200E905A7 /* UIView+.swift */,
			);
			path = Extensions;
			sourceTree = "<group>";
		};
		478B26762A78FC5400598902 /* Resource */ = {
			isa = PBXGroup;
			children = (
				47CB8CAB2A79EC7E004B24AD /* Fonts */,
				5F00FBFD2A777BDF0055A4FA /* Assets.xcassets */,
				5F00FBFF2A777BDF0055A4FA /* LaunchScreen.storyboard */,
				5F3B50B82A79EDA900158E96 /* Colors.swift */,
			);
			path = Resource;
			sourceTree = "<group>";
		};
		478B26772A78FC5C00598902 /* Presentation */ = {
			isa = PBXGroup;
			children = (
				478B26832A78FD4000598902 /* SelfMode */,
				5F00FBF82A777BDE0055A4FA /* ViewController.swift */,
			);
			path = Presentation;
			sourceTree = "<group>";
		};
		478B26782A78FC6F00598902 /* Domain */ = {
			isa = PBXGroup;
			children = (
				478B26822A78FD3800598902 /* Model */,
				478B26802A78FD3000598902 /* UseCase */,
			);
			path = Domain;
			sourceTree = "<group>";
		};
		478B26792A78FC7400598902 /* Data */ = {
			isa = PBXGroup;
			children = (
				478B267E2A78FD0E00598902 /* DTO */,
				478B267D2A78FD0700598902 /* Network */,
				478B267C2A78FD0100598902 /* Repository */,
			);
			path = Data;
			sourceTree = "<group>";
		};
		478B267A2A78FC7A00598902 /* Source */ = {
			isa = PBXGroup;
			children = (
				478B267B2A78FCDC00598902 /* App */,
				478B26792A78FC7400598902 /* Data */,
				478B26782A78FC6F00598902 /* Domain */,
				478B26772A78FC5C00598902 /* Presentation */,
				477620C62A7B8F5300D60B59 /* Extensions */,
				471917C92A7FA02000B67D54 /* CarMakingStep.swift */,
				5F4D33AE2A87519600942517 /* ImageCacheManager.swift */,
				5F371BB02A88B99800E6CFCD /* OptionCategoryType.swift */,
			);
			path = Source;
			sourceTree = "<group>";
		};
		478B267B2A78FCDC00598902 /* App */ = {
			isa = PBXGroup;
			children = (
				5F00FBF42A777BDE0055A4FA /* AppDelegate.swift */,
				5F00FBF62A777BDE0055A4FA /* SceneDelegate.swift */,
			);
			path = App;
			sourceTree = "<group>";
		};
		478B267C2A78FD0100598902 /* Repository */ = {
			isa = PBXGroup;
			children = (
				478B267F2A78FD2400598902 /* Protocol */,
			);
			path = Repository;
			sourceTree = "<group>";
		};
		478B267D2A78FD0700598902 /* Network */ = {
			isa = PBXGroup;
			children = (
			);
			path = Network;
			sourceTree = "<group>";
		};
		478B267E2A78FD0E00598902 /* DTO */ = {
			isa = PBXGroup;
			children = (
			);
			path = DTO;
			sourceTree = "<group>";
		};
		478B267F2A78FD2400598902 /* Protocol */ = {
			isa = PBXGroup;
			children = (
			);
			path = Protocol;
			sourceTree = "<group>";
		};
		478B26802A78FD3000598902 /* UseCase */ = {
			isa = PBXGroup;
			children = (
				478B26812A78FD3400598902 /* Protocol */,
			);
			path = UseCase;
			sourceTree = "<group>";
		};
		478B26812A78FD3400598902 /* Protocol */ = {
			isa = PBXGroup;
			children = (
			);
			path = Protocol;
			sourceTree = "<group>";
		};
		478B26822A78FD3800598902 /* Model */ = {
			isa = PBXGroup;
			children = (
				471917D52A811D3F00B67D54 /* OptionCardInfo.swift */,
				471917FB2A83338D00B67D54 /* URColor.swift */,
			);
			path = Model;
			sourceTree = "<group>";
		};
		478B26832A78FD4000598902 /* SelfMode */ = {
			isa = PBXGroup;
			children = (
				478B26862A78FD8D00598902 /* View */,
				478B26852A78FD8700598902 /* ViewModel */,
				478B26842A78FD8200598902 /* ViewController */,
			);
			path = SelfMode;
			sourceTree = "<group>";
		};
		478B26842A78FD8200598902 /* ViewController */ = {
			isa = PBXGroup;
			children = (
			);
			path = ViewController;
			sourceTree = "<group>";
		};
		478B26852A78FD8700598902 /* ViewModel */ = {
			isa = PBXGroup;
			children = (
			);
			path = ViewModel;
			sourceTree = "<group>";
		};
		478B26862A78FD8D00598902 /* View */ = {
			isa = PBXGroup;
			children = (
			);
			path = View;
			sourceTree = "<group>";
		};
		47CB8CAB2A79EC7E004B24AD /* Fonts */ = {
			isa = PBXGroup;
			children = (
				47CB8CB22A79ECE0004B24AD /* HyundaiSansHeadKRRegular.ttf */,
				47CB8CB62A79EDE9004B24AD /* HyundaiSansTextKROTFRegular.otf */,
				47CB8CB02A79ECD4004B24AD /* HyundaiSansHeadKRMedium.ttf */,
				47CB8CB42A79EDB3004B24AD /* HyundaiSansTextKROTFMedium.otf */,
				47CB8CB82A79F1DE004B24AD /* Fonts.swift */,
			);
			path = Fonts;
			sourceTree = "<group>";
		};
		5F00FBE82A777BDE0055A4FA = {
			isa = PBXGroup;
			children = (
				5F00FBF32A777BDE0055A4FA /* iOS_H3 */,
				5F00FC0A2A777BDF0055A4FA /* iOS_H3Tests */,
				5F00FC142A777BDF0055A4FA /* iOS_H3UITests */,
				5F6203672A7BC59500D09531 /* iOS_H3_UI */,
				5F62037E2A7BC59600D09531 /* iOS_H3_UITests */,
				5F6203882A7BC59700D09531 /* iOS_H3_UIUITests */,
				5F00FBF22A777BDE0055A4FA /* Products */,
			);
			sourceTree = "<group>";
		};
		5F00FBF22A777BDE0055A4FA /* Products */ = {
			isa = PBXGroup;
			children = (
				5F00FBF12A777BDE0055A4FA /* iOS_H3.app */,
				5F00FC072A777BDF0055A4FA /* iOS_H3Tests.xctest */,
				5F00FC112A777BDF0055A4FA /* iOS_H3UITests.xctest */,
				5F6203662A7BC59500D09531 /* iOS_H3_UI.app */,
				5F62037B2A7BC59600D09531 /* iOS_H3_UITests.xctest */,
				5F6203852A7BC59600D09531 /* iOS_H3_UIUITests.xctest */,
			);
			name = Products;
			sourceTree = "<group>";
		};
		5F00FBF32A777BDE0055A4FA /* iOS_H3 */ = {
			isa = PBXGroup;
			children = (
				478B26762A78FC5400598902 /* Resource */,
				478B267A2A78FC7A00598902 /* Source */,
				5F00FC022A777BDF0055A4FA /* Info.plist */,
				5F5E21122A78DD21003C1185 /* .swiftlint.yml */,
			);
			path = iOS_H3;
			sourceTree = "<group>";
		};
		5F00FC0A2A777BDF0055A4FA /* iOS_H3Tests */ = {
			isa = PBXGroup;
			children = (
				5F00FC0B2A777BDF0055A4FA /* IosH3Tests.swift */,
			);
			path = iOS_H3Tests;
			sourceTree = "<group>";
		};
		5F00FC142A777BDF0055A4FA /* iOS_H3UITests */ = {
			isa = PBXGroup;
			children = (
				5F00FC152A777BDF0055A4FA /* IosH3UiTests.swift */,
				5F00FC172A777BDF0055A4FA /* IosH3UITestsLaunchTests.swift */,
			);
			path = iOS_H3UITests;
			sourceTree = "<group>";
		};
		5F1FC1C82A82575C00C54EBE /* CarMakingCollectionViewCell */ = {
			isa = PBXGroup;
			children = (
				5F1FC1C92A82577C00C54EBE /* CarMakingCollectionViewCell.swift */,
				5F6603EB2A837F96000E393D /* CarMakingTwoOptionCell.swift */,
				5F6603EE2A8380C8000E393D /* CarMakingMultipleOptionCell.swift */,
			);
			path = CarMakingCollectionViewCell;
			sourceTree = "<group>";
		};
		5F39EF442A81B8CE004B0C97 /* OhMyCarSetButton */ = {
			isa = PBXGroup;
			children = (
				477620F42A7BECC400D60B59 /* OhMyCarSetButton.swift */,
				471917C12A7E422900B67D54 /* OhMyCarSetButtonViewController.swift */,
			);
			path = OhMyCarSetButton;
			sourceTree = "<group>";
		};
		5F4975592A8119C9008FFFE5 /* TitleBar */ = {
			isa = PBXGroup;
			children = (
				5F8EBC492A81203C00C885CE /* OhMyCarSetTitleBar.swift */,
				5F5F724C2A7E03460084AFD4 /* OhMyCarSetTitleBarViewController.swift */,
			);
			path = TitleBar;
			sourceTree = "<group>";
		};
		5F5F724F2A7E12970084AFD4 /* OptionCardButton */ = {
			isa = PBXGroup;
			children = (
				5F5F72502A7E13600084AFD4 /* OptionCardButton.swift */,
				5F2593DD2A7FB3FD001B2D84 /* TagListView.swift */,
				5F2593DF2A7FBCFE001B2D84 /* OptionMotionView.swift */,
				5F2593E12A7FCA16001B2D84 /* OptionCardButtonViewController.swift */,
			);
			path = OptionCardButton;
			sourceTree = "<group>";
		};
		5F6203672A7BC59500D09531 /* iOS_H3_UI */ = {
			isa = PBXGroup;
			children = (
				5F99F0612A8516FA00C38555 /* CarMakingContentView */,
				5F6A82F22A887AE40025D5A4 /* OptionCategoryTabbar */,
				5F1FC1C82A82575C00C54EBE /* CarMakingCollectionViewCell */,
				471917EF2A8236FD00B67D54 /* OptionCardButonListView */,
				471917E52A82365200B67D54 /* CarMakingProgressBar */,
				5F39EF442A81B8CE004B0C97 /* OhMyCarSetButton */,
				5F5F724F2A7E12970084AFD4 /* OptionCardButton */,
				5F4975592A8119C9008FFFE5 /* TitleBar */,
				5F6203682A7BC59500D09531 /* AppDelegate.swift */,
				5F62036A2A7BC59500D09531 /* SceneDelegate.swift */,
				5F62036C2A7BC59500D09531 /* ComponentMainViewController.swift */,
				5F6203712A7BC59600D09531 /* Assets.xcassets */,
				5F6203732A7BC59600D09531 /* LaunchScreen.storyboard */,
				5F6203762A7BC59600D09531 /* Info.plist */,
			);
			path = iOS_H3_UI;
			sourceTree = "<group>";
		};
		5F62037E2A7BC59600D09531 /* iOS_H3_UITests */ = {
			isa = PBXGroup;
			children = (
				5F62037F2A7BC59600D09531 /* iOS_H3_UITests.swift */,
			);
			path = iOS_H3_UITests;
			sourceTree = "<group>";
		};
		5F6203882A7BC59700D09531 /* iOS_H3_UIUITests */ = {
			isa = PBXGroup;
			children = (
				5F6203892A7BC59700D09531 /* iOS_H3_UIUITests.swift */,
				5F62038B2A7BC59700D09531 /* iOS_H3_UIUITestsLaunchTests.swift */,
			);
			path = iOS_H3_UIUITests;
			sourceTree = "<group>";
		};
		5F99F0612A8516FA00C38555 /* CarMakingContentView */ = {
			isa = PBXGroup;
			children = (
				5F99F0622A85171600C38555 /* CarMakingContentView.swift */,
				5F99F0652A851F4700C38555 /* CarMakingContentViewController.swift */,
				5F4D33B42A8758FF00942517 /* PageSection.swift */,
			);
			path = CarMakingContentView;
			sourceTree = "<group>";
		};
		5F6A82F22A887AE40025D5A4 /* OptionCategoryTabbar */ = {
			isa = PBXGroup;
			children = (
				5F6A82F32A887B0B0025D5A4 /* OptionCategoryTabBar.swift */,
				5F371BAE2A88B7D700E6CFCD /* OptionCategoryTabbarViewController.swift */,
			);
			path = OptionCategoryTabbar;
			sourceTree = "<group>";
		};
/* End PBXGroup section */

/* Begin PBXNativeTarget section */
		5F00FBF02A777BDE0055A4FA /* iOS_H3 */ = {
			isa = PBXNativeTarget;
			buildConfigurationList = 5F00FC1B2A777BDF0055A4FA /* Build configuration list for PBXNativeTarget "iOS_H3" */;
			buildPhases = (
				5F00FBED2A777BDE0055A4FA /* Sources */,
				5F00FBEE2A777BDE0055A4FA /* Frameworks */,
				5F00FBEF2A777BDE0055A4FA /* Resources */,
				5F5E21112A78DCCD003C1185 /* ShellScript */,
				5F6202BE2A7BC16700D09531 /* Embed Frameworks */,
			);
			buildRules = (
			);
			dependencies = (
			);
			name = iOS_H3;
			productName = iOS_H3;
			productReference = 5F00FBF12A777BDE0055A4FA /* iOS_H3.app */;
			productType = "com.apple.product-type.application";
		};
		5F00FC062A777BDF0055A4FA /* iOS_H3Tests */ = {
			isa = PBXNativeTarget;
			buildConfigurationList = 5F00FC1E2A777BDF0055A4FA /* Build configuration list for PBXNativeTarget "iOS_H3Tests" */;
			buildPhases = (
				5F00FC032A777BDF0055A4FA /* Sources */,
				5F00FC042A777BDF0055A4FA /* Frameworks */,
				5F00FC052A777BDF0055A4FA /* Resources */,
			);
			buildRules = (
			);
			dependencies = (
				5F00FC092A777BDF0055A4FA /* PBXTargetDependency */,
			);
			name = iOS_H3Tests;
			productName = iOS_H3Tests;
			productReference = 5F00FC072A777BDF0055A4FA /* iOS_H3Tests.xctest */;
			productType = "com.apple.product-type.bundle.unit-test";
		};
		5F00FC102A777BDF0055A4FA /* iOS_H3UITests */ = {
			isa = PBXNativeTarget;
			buildConfigurationList = 5F00FC212A777BDF0055A4FA /* Build configuration list for PBXNativeTarget "iOS_H3UITests" */;
			buildPhases = (
				5F00FC0D2A777BDF0055A4FA /* Sources */,
				5F00FC0E2A777BDF0055A4FA /* Frameworks */,
				5F00FC0F2A777BDF0055A4FA /* Resources */,
			);
			buildRules = (
			);
			dependencies = (
				5F00FC132A777BDF0055A4FA /* PBXTargetDependency */,
			);
			name = iOS_H3UITests;
			productName = iOS_H3UITests;
			productReference = 5F00FC112A777BDF0055A4FA /* iOS_H3UITests.xctest */;
			productType = "com.apple.product-type.bundle.ui-testing";
		};
		5F6203652A7BC59500D09531 /* iOS_H3_UI */ = {
			isa = PBXNativeTarget;
			buildConfigurationList = 5F62038D2A7BC59700D09531 /* Build configuration list for PBXNativeTarget "iOS_H3_UI" */;
			buildPhases = (
				5F6203622A7BC59500D09531 /* Sources */,
				5F6203632A7BC59500D09531 /* Frameworks */,
				5F6203642A7BC59500D09531 /* Resources */,
			);
			buildRules = (
			);
			dependencies = (
			);
			name = iOS_H3_UI;
			productName = iOS_H3_UI;
			productReference = 5F6203662A7BC59500D09531 /* iOS_H3_UI.app */;
			productType = "com.apple.product-type.application";
		};
		5F62037A2A7BC59600D09531 /* iOS_H3_UITests */ = {
			isa = PBXNativeTarget;
			buildConfigurationList = 5F6203902A7BC59700D09531 /* Build configuration list for PBXNativeTarget "iOS_H3_UITests" */;
			buildPhases = (
				5F6203772A7BC59600D09531 /* Sources */,
				5F6203782A7BC59600D09531 /* Frameworks */,
				5F6203792A7BC59600D09531 /* Resources */,
			);
			buildRules = (
			);
			dependencies = (
				5F62037D2A7BC59600D09531 /* PBXTargetDependency */,
			);
			name = iOS_H3_UITests;
			productName = iOS_H3_UITests;
			productReference = 5F62037B2A7BC59600D09531 /* iOS_H3_UITests.xctest */;
			productType = "com.apple.product-type.bundle.unit-test";
		};
		5F6203842A7BC59600D09531 /* iOS_H3_UIUITests */ = {
			isa = PBXNativeTarget;
			buildConfigurationList = 5F6203932A7BC59700D09531 /* Build configuration list for PBXNativeTarget "iOS_H3_UIUITests" */;
			buildPhases = (
				5F6203812A7BC59600D09531 /* Sources */,
				5F6203822A7BC59600D09531 /* Frameworks */,
				5F6203832A7BC59600D09531 /* Resources */,
			);
			buildRules = (
			);
			dependencies = (
				5F6203872A7BC59700D09531 /* PBXTargetDependency */,
			);
			name = iOS_H3_UIUITests;
			productName = iOS_H3_UIUITests;
			productReference = 5F6203852A7BC59600D09531 /* iOS_H3_UIUITests.xctest */;
			productType = "com.apple.product-type.bundle.ui-testing";
		};
/* End PBXNativeTarget section */

/* Begin PBXProject section */
		5F00FBE92A777BDE0055A4FA /* Project object */ = {
			isa = PBXProject;
			attributes = {
				BuildIndependentTargetsInParallel = 1;
				LastSwiftUpdateCheck = 1430;
				LastUpgradeCheck = 1430;
				TargetAttributes = {
					5F00FBF02A777BDE0055A4FA = {
						CreatedOnToolsVersion = 14.3.1;
					};
					5F00FC062A777BDF0055A4FA = {
						CreatedOnToolsVersion = 14.3.1;
						TestTargetID = 5F00FBF02A777BDE0055A4FA;
					};
					5F00FC102A777BDF0055A4FA = {
						CreatedOnToolsVersion = 14.3.1;
						TestTargetID = 5F00FBF02A777BDE0055A4FA;
					};
					5F6203652A7BC59500D09531 = {
						CreatedOnToolsVersion = 14.3.1;
					};
					5F62037A2A7BC59600D09531 = {
						CreatedOnToolsVersion = 14.3.1;
						TestTargetID = 5F6203652A7BC59500D09531;
					};
					5F6203842A7BC59600D09531 = {
						CreatedOnToolsVersion = 14.3.1;
						TestTargetID = 5F6203652A7BC59500D09531;
					};
				};
			};
			buildConfigurationList = 5F00FBEC2A777BDE0055A4FA /* Build configuration list for PBXProject "iOS_H3" */;
			compatibilityVersion = "Xcode 14.0";
			developmentRegion = en;
			hasScannedForEncodings = 0;
			knownRegions = (
				en,
				Base,
			);
			mainGroup = 5F00FBE82A777BDE0055A4FA;
			productRefGroup = 5F00FBF22A777BDE0055A4FA /* Products */;
			projectDirPath = "";
			projectRoot = "";
			targets = (
				5F00FBF02A777BDE0055A4FA /* iOS_H3 */,
				5F00FC062A777BDF0055A4FA /* iOS_H3Tests */,
				5F00FC102A777BDF0055A4FA /* iOS_H3UITests */,
				5F6203652A7BC59500D09531 /* iOS_H3_UI */,
				5F62037A2A7BC59600D09531 /* iOS_H3_UITests */,
				5F6203842A7BC59600D09531 /* iOS_H3_UIUITests */,
			);
		};
/* End PBXProject section */

/* Begin PBXResourcesBuildPhase section */
		5F00FBEF2A777BDE0055A4FA /* Resources */ = {
			isa = PBXResourcesBuildPhase;
			buildActionMask = 2147483647;
			files = (
				47CB8CB52A79EDB3004B24AD /* HyundaiSansTextKROTFMedium.otf in Resources */,
				5F5E21132A78DD21003C1185 /* .swiftlint.yml in Resources */,
				5F00FC012A777BDF0055A4FA /* LaunchScreen.storyboard in Resources */,
				47CB8CB12A79ECD4004B24AD /* HyundaiSansHeadKRMedium.ttf in Resources */,
				5F00FBFE2A777BDF0055A4FA /* Assets.xcassets in Resources */,
				47CB8CB72A79EDE9004B24AD /* HyundaiSansTextKROTFRegular.otf in Resources */,
				47CB8CB32A79ECE0004B24AD /* HyundaiSansHeadKRRegular.ttf in Resources */,
			);
			runOnlyForDeploymentPostprocessing = 0;
		};
		5F00FC052A777BDF0055A4FA /* Resources */ = {
			isa = PBXResourcesBuildPhase;
			buildActionMask = 2147483647;
			files = (
			);
			runOnlyForDeploymentPostprocessing = 0;
		};
		5F00FC0F2A777BDF0055A4FA /* Resources */ = {
			isa = PBXResourcesBuildPhase;
			buildActionMask = 2147483647;
			files = (
			);
			runOnlyForDeploymentPostprocessing = 0;
		};
		5F6203642A7BC59500D09531 /* Resources */ = {
			isa = PBXResourcesBuildPhase;
			buildActionMask = 2147483647;
			files = (
				5F4DB0F12A89A9B900E905A7 /* .swiftlint.yml in Resources */,
				5F4975602A811F56008FFFE5 /* HyundaiSansTextKROTFMedium.otf in Resources */,
				5F39EF3C2A81B483004B0C97 /* HyundaiSansHeadKRRegular.ttf in Resources */,
				5F4975622A811F56008FFFE5 /* HyundaiSansHeadKRMedium.ttf in Resources */,
				5F6203752A7BC59600D09531 /* LaunchScreen.storyboard in Resources */,
				5F4975612A811F56008FFFE5 /* HyundaiSansTextKROTFRegular.otf in Resources */,
				5F39EF3B2A81B476004B0C97 /* Assets.xcassets in Resources */,
				5F6203722A7BC59600D09531 /* Assets.xcassets in Resources */,
			);
			runOnlyForDeploymentPostprocessing = 0;
		};
		5F6203792A7BC59600D09531 /* Resources */ = {
			isa = PBXResourcesBuildPhase;
			buildActionMask = 2147483647;
			files = (
			);
			runOnlyForDeploymentPostprocessing = 0;
		};
		5F6203832A7BC59600D09531 /* Resources */ = {
			isa = PBXResourcesBuildPhase;
			buildActionMask = 2147483647;
			files = (
			);
			runOnlyForDeploymentPostprocessing = 0;
		};
/* End PBXResourcesBuildPhase section */

/* Begin PBXShellScriptBuildPhase section */
		5F5E21112A78DCCD003C1185 /* ShellScript */ = {
			isa = PBXShellScriptBuildPhase;
			alwaysOutOfDate = 1;
			buildActionMask = 2147483647;
			files = (
			);
			inputFileListPaths = (
			);
			inputPaths = (
			);
			outputFileListPaths = (
			);
			outputPaths = (
			);
			runOnlyForDeploymentPostprocessing = 0;
			shellPath = /bin/sh;
			shellScript = "if test -d \"/opt/homebrew/bin/\"; then\n  PATH=\"/opt/homebrew/bin/:${PATH}\"\nfi\n\nexport PATH\n\nif which swiftlint >/dev/null; then\n  swiftlint\nelse\n  echo \"warning: SwiftLint not installed, download from https://github.com/realm/SwiftLint\"\nfi\n";
		};
/* End PBXShellScriptBuildPhase section */

/* Begin PBXSourcesBuildPhase section */
		5F00FBED2A777BDE0055A4FA /* Sources */ = {
			isa = PBXSourcesBuildPhase;
			buildActionMask = 2147483647;
			files = (
				5F4D33B22A8751E500942517 /* UIImageView+.swift in Sources */,
				5F99F0632A85171600C38555 /* CarMakingContentView.swift in Sources */,
				5F5F724D2A7E03460084AFD4 /* OhMyCarSetTitleBarViewController.swift in Sources */,
				471917DE2A81F9A200B67D54 /* OptionCardButtonListViewable.swift in Sources */,
				5F1FC1CA2A82577C00C54EBE /* CarMakingCollectionViewCell.swift in Sources */,
				47CB8CB92A79F1DE004B24AD /* Fonts.swift in Sources */,
				5F00FBF92A777BDE0055A4FA /* ViewController.swift in Sources */,
				5F5F72512A7E13600084AFD4 /* OptionCardButton.swift in Sources */,
				5F2593DE2A7FB3FD001B2D84 /* TagListView.swift in Sources */,
				477620C52A7B80B900D60B59 /* UILabel+.swift in Sources */,
				5F6A82F42A887B0B0025D5A4 /* OptionCategoryTabBar.swift in Sources */,
				5F8EBC4A2A81203C00C885CE /* OhMyCarSetTitleBar.swift in Sources */,
				471917C22A7E422900B67D54 /* OhMyCarSetButtonViewController.swift in Sources */,
				471917C62A7EA8C800B67D54 /* CarMakingProgressBarButton.swift in Sources */,
				477620F52A7BECC400D60B59 /* OhMyCarSetButton.swift in Sources */,
				4719180B2A83651500B67D54 /* MultiOptionCardButtonViewController.swift in Sources */,
				471917FF2A8339B100B67D54 /* MultiOptionCardButtonView.swift in Sources */,
				5F3B50B92A79EDA900158E96 /* Colors.swift in Sources */,
				471917C42A7EA5A700B67D54 /* CarMakingProgressBar.swift in Sources */,
				5F371BB12A88B99800E6CFCD /* OptionCategoryType.swift in Sources */,
				471917CC2A7FB11600B67D54 /* CarMakingProgressBarSpacingView.swift in Sources */,
				471917C82A7F8CD500B67D54 /* CarMakingProgressBarViewController.swift in Sources */,
				471918052A834D8600B67D54 /* OptionCardCell.swift in Sources */,
				5F00FBF52A777BDE0055A4FA /* AppDelegate.swift in Sources */,
				5F4D33AF2A87519600942517 /* ImageCacheManager.swift in Sources */,
				471917CA2A7FA02000B67D54 /* CarMakingStep.swift in Sources */,
				5F6603EC2A837F96000E393D /* CarMakingTwoOptionCell.swift in Sources */,
				5F00FBF72A777BDE0055A4FA /* SceneDelegate.swift in Sources */,
				471917D02A80E69A00B67D54 /* TwoOptionCardButtonView.swift in Sources */,
				471917FC2A83338D00B67D54 /* URColor.swift in Sources */,
				5F2593E22A7FCA16001B2D84 /* OptionCardButtonViewController.swift in Sources */,
				5F2593E02A7FBCFE001B2D84 /* OptionMotionView.swift in Sources */,
				471917D62A811D3F00B67D54 /* OptionCardInfo.swift in Sources */,
				5F6603EF2A8380C8000E393D /* CarMakingMultipleOptionCell.swift in Sources */,
				5F4D33B52A8758FF00942517 /* PageSection.swift in Sources */,
				5F4DB0EF2A89A6C200E905A7 /* UIView+.swift in Sources */,
				471917D22A8118E200B67D54 /* TwoOptionCardButtonViewController.swift in Sources */,
				5F3B50BB2A79EDE900158E96 /* UIColor+.swift in Sources */,
			);
			runOnlyForDeploymentPostprocessing = 0;
		};
		5F00FC032A777BDF0055A4FA /* Sources */ = {
			isa = PBXSourcesBuildPhase;
			buildActionMask = 2147483647;
			files = (
				5F00FC0C2A777BDF0055A4FA /* IosH3Tests.swift in Sources */,
			);
			runOnlyForDeploymentPostprocessing = 0;
		};
		5F00FC0D2A777BDF0055A4FA /* Sources */ = {
			isa = PBXSourcesBuildPhase;
			buildActionMask = 2147483647;
			files = (
				5F00FC162A777BDF0055A4FA /* IosH3UiTests.swift in Sources */,
				5F00FC182A777BDF0055A4FA /* IosH3UITestsLaunchTests.swift in Sources */,
			);
			runOnlyForDeploymentPostprocessing = 0;
		};
		5F6203622A7BC59500D09531 /* Sources */ = {
			isa = PBXSourcesBuildPhase;
			buildActionMask = 2147483647;
			files = (
				5F4D33B32A8751E500942517 /* UIImageView+.swift in Sources */,
				5F99F0642A85171600C38555 /* CarMakingContentView.swift in Sources */,
				471917EA2A82369E00B67D54 /* CarMakingStep.swift in Sources */,
				5F49755F2A811AC1008FFFE5 /* UILabel+.swift in Sources */,
				5F1FC1CB2A82577C00C54EBE /* CarMakingCollectionViewCell.swift in Sources */,
				5F62036D2A7BC59500D09531 /* ComponentMainViewController.swift in Sources */,
				471917EC2A8236EE00B67D54 /* TwoOptionCardButtonView.swift in Sources */,
				471917E72A82367200B67D54 /* CarMakingProgressBarSpacingView.swift in Sources */,
				5F39EF412A81B7A1004B0C97 /* TagListView.swift in Sources */,
				5F39EF452A81B8E7004B0C97 /* OhMyCarSetButtonViewController.swift in Sources */,
				5F6A82F52A887B0B0025D5A4 /* OptionCategoryTabBar.swift in Sources */,
				5F39EF3E2A81B79A004B0C97 /* OptionCardButton.swift in Sources */,
				5F49755E2A811ABE008FFFE5 /* UIColor+.swift in Sources */,
				471917EE2A8236F200B67D54 /* TwoOptionCardButtonViewController.swift in Sources */,
				4719180C2A83651500B67D54 /* MultiOptionCardButtonViewController.swift in Sources */,
				5F371BAF2A88B7D700E6CFCD /* OptionCategoryTabbarViewController.swift in Sources */,
				471918002A8339B100B67D54 /* MultiOptionCardButtonView.swift in Sources */,
				5F99F0662A851F4700C38555 /* CarMakingContentViewController.swift in Sources */,
				471917E82A82367400B67D54 /* CarMakingProgressBarButton.swift in Sources */,
				5F6203692A7BC59500D09531 /* AppDelegate.swift in Sources */,
				5F49755A2A811A5C008FFFE5 /* OhMyCarSetTitleBarViewController.swift in Sources */,
				471918062A834D8600B67D54 /* OptionCardCell.swift in Sources */,
				5F4D33B02A87519600942517 /* ImageCacheManager.swift in Sources */,
				5F4D33B62A8758FF00942517 /* PageSection.swift in Sources */,
				5F49755D2A811AAF008FFFE5 /* Colors.swift in Sources */,
				471917F12A82371E00B67D54 /* OptionCardInfo.swift in Sources */,
				5F39EF462A81B8E9004B0C97 /* OhMyCarSetButton.swift in Sources */,
				5F6603ED2A837F96000E393D /* CarMakingTwoOptionCell.swift in Sources */,
				471917E62A82367000B67D54 /* CarMakingProgressBar.swift in Sources */,
				5F49755C2A811AAC008FFFE5 /* Fonts.swift in Sources */,
				471917FD2A83338D00B67D54 /* URColor.swift in Sources */,
				471917F02A82371100B67D54 /* OptionCardButtonListViewable.swift in Sources */,
				5F8EBC4B2A81203C00C885CE /* OhMyCarSetTitleBar.swift in Sources */,
				5F39EF432A81B7A5004B0C97 /* OptionCardButtonViewController.swift in Sources */,
				5F39EF422A81B7A3004B0C97 /* OptionMotionView.swift in Sources */,
				5F6603F02A8380C8000E393D /* CarMakingMultipleOptionCell.swift in Sources */,
				5F62036B2A7BC59500D09531 /* SceneDelegate.swift in Sources */,
				5F4DB0F02A89A6C200E905A7 /* UIView+.swift in Sources */,
				471917E92A82367800B67D54 /* CarMakingProgressBarViewController.swift in Sources */,
				5F371BB22A88B99800E6CFCD /* OptionCategoryType.swift in Sources */,
			);
			runOnlyForDeploymentPostprocessing = 0;
		};
		5F6203772A7BC59600D09531 /* Sources */ = {
			isa = PBXSourcesBuildPhase;
			buildActionMask = 2147483647;
			files = (
				5F6203802A7BC59600D09531 /* iOS_H3_UITests.swift in Sources */,
			);
			runOnlyForDeploymentPostprocessing = 0;
		};
		5F6203812A7BC59600D09531 /* Sources */ = {
			isa = PBXSourcesBuildPhase;
			buildActionMask = 2147483647;
			files = (
				5F62038A2A7BC59700D09531 /* iOS_H3_UIUITests.swift in Sources */,
				5F62038C2A7BC59700D09531 /* iOS_H3_UIUITestsLaunchTests.swift in Sources */,
			);
			runOnlyForDeploymentPostprocessing = 0;
		};
/* End PBXSourcesBuildPhase section */

/* Begin PBXTargetDependency section */
		5F00FC092A777BDF0055A4FA /* PBXTargetDependency */ = {
			isa = PBXTargetDependency;
			target = 5F00FBF02A777BDE0055A4FA /* iOS_H3 */;
			targetProxy = 5F00FC082A777BDF0055A4FA /* PBXContainerItemProxy */;
		};
		5F00FC132A777BDF0055A4FA /* PBXTargetDependency */ = {
			isa = PBXTargetDependency;
			target = 5F00FBF02A777BDE0055A4FA /* iOS_H3 */;
			targetProxy = 5F00FC122A777BDF0055A4FA /* PBXContainerItemProxy */;
		};
		5F62037D2A7BC59600D09531 /* PBXTargetDependency */ = {
			isa = PBXTargetDependency;
			target = 5F6203652A7BC59500D09531 /* iOS_H3_UI */;
			targetProxy = 5F62037C2A7BC59600D09531 /* PBXContainerItemProxy */;
		};
		5F6203872A7BC59700D09531 /* PBXTargetDependency */ = {
			isa = PBXTargetDependency;
			target = 5F6203652A7BC59500D09531 /* iOS_H3_UI */;
			targetProxy = 5F6203862A7BC59700D09531 /* PBXContainerItemProxy */;
		};
/* End PBXTargetDependency section */

/* Begin PBXVariantGroup section */
		5F00FBFF2A777BDF0055A4FA /* LaunchScreen.storyboard */ = {
			isa = PBXVariantGroup;
			children = (
				5F00FC002A777BDF0055A4FA /* Base */,
			);
			name = LaunchScreen.storyboard;
			sourceTree = "<group>";
		};
		5F6203732A7BC59600D09531 /* LaunchScreen.storyboard */ = {
			isa = PBXVariantGroup;
			children = (
				5F6203742A7BC59600D09531 /* Base */,
			);
			name = LaunchScreen.storyboard;
			sourceTree = "<group>";
		};
/* End PBXVariantGroup section */

/* Begin XCBuildConfiguration section */
		5F00FC192A777BDF0055A4FA /* Debug */ = {
			isa = XCBuildConfiguration;
			buildSettings = {
				ALWAYS_SEARCH_USER_PATHS = NO;
				CLANG_ANALYZER_NONNULL = YES;
				CLANG_ANALYZER_NUMBER_OBJECT_CONVERSION = YES_AGGRESSIVE;
				CLANG_CXX_LANGUAGE_STANDARD = "gnu++20";
				CLANG_ENABLE_MODULES = YES;
				CLANG_ENABLE_OBJC_ARC = YES;
				CLANG_ENABLE_OBJC_WEAK = YES;
				CLANG_WARN_BLOCK_CAPTURE_AUTORELEASING = YES;
				CLANG_WARN_BOOL_CONVERSION = YES;
				CLANG_WARN_COMMA = YES;
				CLANG_WARN_CONSTANT_CONVERSION = YES;
				CLANG_WARN_DEPRECATED_OBJC_IMPLEMENTATIONS = YES;
				CLANG_WARN_DIRECT_OBJC_ISA_USAGE = YES_ERROR;
				CLANG_WARN_DOCUMENTATION_COMMENTS = YES;
				CLANG_WARN_EMPTY_BODY = YES;
				CLANG_WARN_ENUM_CONVERSION = YES;
				CLANG_WARN_INFINITE_RECURSION = YES;
				CLANG_WARN_INT_CONVERSION = YES;
				CLANG_WARN_NON_LITERAL_NULL_CONVERSION = YES;
				CLANG_WARN_OBJC_IMPLICIT_RETAIN_SELF = YES;
				CLANG_WARN_OBJC_LITERAL_CONVERSION = YES;
				CLANG_WARN_OBJC_ROOT_CLASS = YES_ERROR;
				CLANG_WARN_QUOTED_INCLUDE_IN_FRAMEWORK_HEADER = YES;
				CLANG_WARN_RANGE_LOOP_ANALYSIS = YES;
				CLANG_WARN_STRICT_PROTOTYPES = YES;
				CLANG_WARN_SUSPICIOUS_MOVE = YES;
				CLANG_WARN_UNGUARDED_AVAILABILITY = YES_AGGRESSIVE;
				CLANG_WARN_UNREACHABLE_CODE = YES;
				CLANG_WARN__DUPLICATE_METHOD_MATCH = YES;
				COPY_PHASE_STRIP = NO;
				DEBUG_INFORMATION_FORMAT = dwarf;
				ENABLE_STRICT_OBJC_MSGSEND = YES;
				ENABLE_TESTABILITY = YES;
				GCC_C_LANGUAGE_STANDARD = gnu11;
				GCC_DYNAMIC_NO_PIC = NO;
				GCC_NO_COMMON_BLOCKS = YES;
				GCC_OPTIMIZATION_LEVEL = 0;
				GCC_PREPROCESSOR_DEFINITIONS = (
					"DEBUG=1",
					"$(inherited)",
				);
				GCC_WARN_64_TO_32_BIT_CONVERSION = YES;
				GCC_WARN_ABOUT_RETURN_TYPE = YES_ERROR;
				GCC_WARN_UNDECLARED_SELECTOR = YES;
				GCC_WARN_UNINITIALIZED_AUTOS = YES_AGGRESSIVE;
				GCC_WARN_UNUSED_FUNCTION = YES;
				GCC_WARN_UNUSED_VARIABLE = YES;
				IPHONEOS_DEPLOYMENT_TARGET = 16.4;
				MTL_ENABLE_DEBUG_INFO = INCLUDE_SOURCE;
				MTL_FAST_MATH = YES;
				ONLY_ACTIVE_ARCH = YES;
				SDKROOT = iphoneos;
				SWIFT_ACTIVE_COMPILATION_CONDITIONS = DEBUG;
				SWIFT_OPTIMIZATION_LEVEL = "-Onone";
			};
			name = Debug;
		};
		5F00FC1A2A777BDF0055A4FA /* Release */ = {
			isa = XCBuildConfiguration;
			buildSettings = {
				ALWAYS_SEARCH_USER_PATHS = NO;
				CLANG_ANALYZER_NONNULL = YES;
				CLANG_ANALYZER_NUMBER_OBJECT_CONVERSION = YES_AGGRESSIVE;
				CLANG_CXX_LANGUAGE_STANDARD = "gnu++20";
				CLANG_ENABLE_MODULES = YES;
				CLANG_ENABLE_OBJC_ARC = YES;
				CLANG_ENABLE_OBJC_WEAK = YES;
				CLANG_WARN_BLOCK_CAPTURE_AUTORELEASING = YES;
				CLANG_WARN_BOOL_CONVERSION = YES;
				CLANG_WARN_COMMA = YES;
				CLANG_WARN_CONSTANT_CONVERSION = YES;
				CLANG_WARN_DEPRECATED_OBJC_IMPLEMENTATIONS = YES;
				CLANG_WARN_DIRECT_OBJC_ISA_USAGE = YES_ERROR;
				CLANG_WARN_DOCUMENTATION_COMMENTS = YES;
				CLANG_WARN_EMPTY_BODY = YES;
				CLANG_WARN_ENUM_CONVERSION = YES;
				CLANG_WARN_INFINITE_RECURSION = YES;
				CLANG_WARN_INT_CONVERSION = YES;
				CLANG_WARN_NON_LITERAL_NULL_CONVERSION = YES;
				CLANG_WARN_OBJC_IMPLICIT_RETAIN_SELF = YES;
				CLANG_WARN_OBJC_LITERAL_CONVERSION = YES;
				CLANG_WARN_OBJC_ROOT_CLASS = YES_ERROR;
				CLANG_WARN_QUOTED_INCLUDE_IN_FRAMEWORK_HEADER = YES;
				CLANG_WARN_RANGE_LOOP_ANALYSIS = YES;
				CLANG_WARN_STRICT_PROTOTYPES = YES;
				CLANG_WARN_SUSPICIOUS_MOVE = YES;
				CLANG_WARN_UNGUARDED_AVAILABILITY = YES_AGGRESSIVE;
				CLANG_WARN_UNREACHABLE_CODE = YES;
				CLANG_WARN__DUPLICATE_METHOD_MATCH = YES;
				COPY_PHASE_STRIP = NO;
				DEBUG_INFORMATION_FORMAT = "dwarf-with-dsym";
				ENABLE_NS_ASSERTIONS = NO;
				ENABLE_STRICT_OBJC_MSGSEND = YES;
				GCC_C_LANGUAGE_STANDARD = gnu11;
				GCC_NO_COMMON_BLOCKS = YES;
				GCC_WARN_64_TO_32_BIT_CONVERSION = YES;
				GCC_WARN_ABOUT_RETURN_TYPE = YES_ERROR;
				GCC_WARN_UNDECLARED_SELECTOR = YES;
				GCC_WARN_UNINITIALIZED_AUTOS = YES_AGGRESSIVE;
				GCC_WARN_UNUSED_FUNCTION = YES;
				GCC_WARN_UNUSED_VARIABLE = YES;
				IPHONEOS_DEPLOYMENT_TARGET = 16.4;
				MTL_ENABLE_DEBUG_INFO = NO;
				MTL_FAST_MATH = YES;
				SDKROOT = iphoneos;
				SWIFT_COMPILATION_MODE = wholemodule;
				SWIFT_OPTIMIZATION_LEVEL = "-O";
				VALIDATE_PRODUCT = YES;
			};
			name = Release;
		};
		5F00FC1C2A777BDF0055A4FA /* Debug */ = {
			isa = XCBuildConfiguration;
			buildSettings = {
				ASSETCATALOG_COMPILER_APPICON_NAME = AppIcon;
				ASSETCATALOG_COMPILER_GLOBAL_ACCENT_COLOR_NAME = AccentColor;
				CODE_SIGN_STYLE = Automatic;
				CURRENT_PROJECT_VERSION = 1;
				DEVELOPMENT_TEAM = B3PWYBKFUK;
				GENERATE_INFOPLIST_FILE = YES;
				INFOPLIST_FILE = iOS_H3/Info.plist;
				INFOPLIST_KEY_CFBundleDisplayName = H3UmochaRacer;
				INFOPLIST_KEY_UIApplicationSupportsIndirectInputEvents = YES;
				INFOPLIST_KEY_UILaunchStoryboardName = LaunchScreen;
				INFOPLIST_KEY_UISupportedInterfaceOrientations = UIInterfaceOrientationPortrait;
				IPHONEOS_DEPLOYMENT_TARGET = 14.0;
				LD_RUNPATH_SEARCH_PATHS = (
					"$(inherited)",
					"@executable_path/Frameworks",
				);
				MARKETING_VERSION = 1.0;
				PRODUCT_BUNDLE_IDENTIFIER = kr.codesquad.softeer.H3;
				PRODUCT_NAME = "$(TARGET_NAME)";
				SUPPORTED_PLATFORMS = "iphoneos iphonesimulator";
				SUPPORTS_MACCATALYST = NO;
				SUPPORTS_MAC_DESIGNED_FOR_IPHONE_IPAD = NO;
				SWIFT_EMIT_LOC_STRINGS = YES;
				SWIFT_VERSION = 5.0;
				TARGETED_DEVICE_FAMILY = "1,2";
			};
			name = Debug;
		};
		5F00FC1D2A777BDF0055A4FA /* Release */ = {
			isa = XCBuildConfiguration;
			buildSettings = {
				ASSETCATALOG_COMPILER_APPICON_NAME = AppIcon;
				ASSETCATALOG_COMPILER_GLOBAL_ACCENT_COLOR_NAME = AccentColor;
				CODE_SIGN_STYLE = Automatic;
				CURRENT_PROJECT_VERSION = 1;
				DEVELOPMENT_TEAM = B3PWYBKFUK;
				GENERATE_INFOPLIST_FILE = YES;
				INFOPLIST_FILE = iOS_H3/Info.plist;
				INFOPLIST_KEY_CFBundleDisplayName = H3UmochaRacer;
				INFOPLIST_KEY_UIApplicationSupportsIndirectInputEvents = YES;
				INFOPLIST_KEY_UILaunchStoryboardName = LaunchScreen;
				INFOPLIST_KEY_UISupportedInterfaceOrientations = UIInterfaceOrientationPortrait;
				IPHONEOS_DEPLOYMENT_TARGET = 14.0;
				LD_RUNPATH_SEARCH_PATHS = (
					"$(inherited)",
					"@executable_path/Frameworks",
				);
				MARKETING_VERSION = 1.0;
				PRODUCT_BUNDLE_IDENTIFIER = kr.codesquad.softeer.H3;
				PRODUCT_NAME = "$(TARGET_NAME)";
				SUPPORTED_PLATFORMS = "iphoneos iphonesimulator";
				SUPPORTS_MACCATALYST = NO;
				SUPPORTS_MAC_DESIGNED_FOR_IPHONE_IPAD = NO;
				SWIFT_EMIT_LOC_STRINGS = YES;
				SWIFT_VERSION = 5.0;
				TARGETED_DEVICE_FAMILY = "1,2";
			};
			name = Release;
		};
		5F00FC1F2A777BDF0055A4FA /* Debug */ = {
			isa = XCBuildConfiguration;
			buildSettings = {
				ALWAYS_EMBED_SWIFT_STANDARD_LIBRARIES = YES;
				BUNDLE_LOADER = "$(TEST_HOST)";
				CODE_SIGN_STYLE = Automatic;
				CURRENT_PROJECT_VERSION = 1;
				GENERATE_INFOPLIST_FILE = YES;
				IPHONEOS_DEPLOYMENT_TARGET = 16.4;
				MARKETING_VERSION = 1.0;
				PRODUCT_BUNDLE_IDENTIFIER = "com.umocha-racer.iOS-H3Tests";
				PRODUCT_NAME = "$(TARGET_NAME)";
				SWIFT_EMIT_LOC_STRINGS = NO;
				SWIFT_VERSION = 5.0;
				TARGETED_DEVICE_FAMILY = "1,2";
				TEST_HOST = "$(BUILT_PRODUCTS_DIR)/iOS_H3.app/$(BUNDLE_EXECUTABLE_FOLDER_PATH)/iOS_H3";
			};
			name = Debug;
		};
		5F00FC202A777BDF0055A4FA /* Release */ = {
			isa = XCBuildConfiguration;
			buildSettings = {
				ALWAYS_EMBED_SWIFT_STANDARD_LIBRARIES = YES;
				BUNDLE_LOADER = "$(TEST_HOST)";
				CODE_SIGN_STYLE = Automatic;
				CURRENT_PROJECT_VERSION = 1;
				GENERATE_INFOPLIST_FILE = YES;
				IPHONEOS_DEPLOYMENT_TARGET = 16.4;
				MARKETING_VERSION = 1.0;
				PRODUCT_BUNDLE_IDENTIFIER = "com.umocha-racer.iOS-H3Tests";
				PRODUCT_NAME = "$(TARGET_NAME)";
				SWIFT_EMIT_LOC_STRINGS = NO;
				SWIFT_VERSION = 5.0;
				TARGETED_DEVICE_FAMILY = "1,2";
				TEST_HOST = "$(BUILT_PRODUCTS_DIR)/iOS_H3.app/$(BUNDLE_EXECUTABLE_FOLDER_PATH)/iOS_H3";
			};
			name = Release;
		};
		5F00FC222A777BDF0055A4FA /* Debug */ = {
			isa = XCBuildConfiguration;
			buildSettings = {
				ALWAYS_EMBED_SWIFT_STANDARD_LIBRARIES = YES;
				CODE_SIGN_STYLE = Automatic;
				CURRENT_PROJECT_VERSION = 1;
				GENERATE_INFOPLIST_FILE = YES;
				MARKETING_VERSION = 1.0;
				PRODUCT_BUNDLE_IDENTIFIER = "com.umocha-racer.iOS-H3UITests";
				PRODUCT_NAME = "$(TARGET_NAME)";
				SWIFT_EMIT_LOC_STRINGS = NO;
				SWIFT_VERSION = 5.0;
				TARGETED_DEVICE_FAMILY = "1,2";
				TEST_TARGET_NAME = iOS_H3;
			};
			name = Debug;
		};
		5F00FC232A777BDF0055A4FA /* Release */ = {
			isa = XCBuildConfiguration;
			buildSettings = {
				ALWAYS_EMBED_SWIFT_STANDARD_LIBRARIES = YES;
				CODE_SIGN_STYLE = Automatic;
				CURRENT_PROJECT_VERSION = 1;
				GENERATE_INFOPLIST_FILE = YES;
				MARKETING_VERSION = 1.0;
				PRODUCT_BUNDLE_IDENTIFIER = "com.umocha-racer.iOS-H3UITests";
				PRODUCT_NAME = "$(TARGET_NAME)";
				SWIFT_EMIT_LOC_STRINGS = NO;
				SWIFT_VERSION = 5.0;
				TARGETED_DEVICE_FAMILY = "1,2";
				TEST_TARGET_NAME = iOS_H3;
			};
			name = Release;
		};
		5F62038E2A7BC59700D09531 /* Debug */ = {
			isa = XCBuildConfiguration;
			buildSettings = {
				ASSETCATALOG_COMPILER_APPICON_NAME = AppIcon;
				ASSETCATALOG_COMPILER_GLOBAL_ACCENT_COLOR_NAME = AccentColor;
				CODE_SIGN_STYLE = Automatic;
				CURRENT_PROJECT_VERSION = 1;
				DEVELOPMENT_TEAM = B3PWYBKFUK;
				GENERATE_INFOPLIST_FILE = YES;
				INFOPLIST_FILE = iOS_H3_UI/Info.plist;
				INFOPLIST_KEY_CFBundleDisplayName = H3UmochaRacer;
				INFOPLIST_KEY_UIApplicationSupportsIndirectInputEvents = YES;
				INFOPLIST_KEY_UILaunchStoryboardName = LaunchScreen.storyboard;
				INFOPLIST_KEY_UISupportedInterfaceOrientations = UIInterfaceOrientationPortrait;
				IPHONEOS_DEPLOYMENT_TARGET = 14.0;
				LD_RUNPATH_SEARCH_PATHS = (
					"$(inherited)",
					"@executable_path/Frameworks",
				);
				MARKETING_VERSION = 1.0;
				PRODUCT_BUNDLE_IDENTIFIER = kr.codesquad.softeer.H3;
				PRODUCT_NAME = "$(TARGET_NAME)";
				SUPPORTED_PLATFORMS = "iphoneos iphonesimulator";
				SUPPORTS_MACCATALYST = NO;
				SUPPORTS_MAC_DESIGNED_FOR_IPHONE_IPAD = NO;
				SWIFT_EMIT_LOC_STRINGS = YES;
				SWIFT_VERSION = 5.0;
				TARGETED_DEVICE_FAMILY = "1,2";
			};
			name = Debug;
		};
		5F62038F2A7BC59700D09531 /* Release */ = {
			isa = XCBuildConfiguration;
			buildSettings = {
				ASSETCATALOG_COMPILER_APPICON_NAME = AppIcon;
				ASSETCATALOG_COMPILER_GLOBAL_ACCENT_COLOR_NAME = AccentColor;
				CODE_SIGN_STYLE = Automatic;
				CURRENT_PROJECT_VERSION = 1;
				DEVELOPMENT_TEAM = B3PWYBKFUK;
				GENERATE_INFOPLIST_FILE = YES;
				INFOPLIST_FILE = iOS_H3_UI/Info.plist;
				INFOPLIST_KEY_CFBundleDisplayName = H3UmochaRacer;
				INFOPLIST_KEY_UIApplicationSupportsIndirectInputEvents = YES;
				INFOPLIST_KEY_UILaunchStoryboardName = LaunchScreen.storyboard;
				INFOPLIST_KEY_UISupportedInterfaceOrientations = UIInterfaceOrientationPortrait;
				IPHONEOS_DEPLOYMENT_TARGET = 14.0;
				LD_RUNPATH_SEARCH_PATHS = (
					"$(inherited)",
					"@executable_path/Frameworks",
				);
				MARKETING_VERSION = 1.0;
				PRODUCT_BUNDLE_IDENTIFIER = kr.codesquad.softeer.H3;
				PRODUCT_NAME = "$(TARGET_NAME)";
				SUPPORTED_PLATFORMS = "iphoneos iphonesimulator";
				SUPPORTS_MACCATALYST = NO;
				SUPPORTS_MAC_DESIGNED_FOR_IPHONE_IPAD = NO;
				SWIFT_EMIT_LOC_STRINGS = YES;
				SWIFT_VERSION = 5.0;
				TARGETED_DEVICE_FAMILY = "1,2";
			};
			name = Release;
		};
		5F6203912A7BC59700D09531 /* Debug */ = {
			isa = XCBuildConfiguration;
			buildSettings = {
				ALWAYS_EMBED_SWIFT_STANDARD_LIBRARIES = YES;
				BUNDLE_LOADER = "$(TEST_HOST)";
				CODE_SIGN_STYLE = Automatic;
				CURRENT_PROJECT_VERSION = 1;
				DEVELOPMENT_TEAM = Q57K6D2JP2;
				GENERATE_INFOPLIST_FILE = YES;
				IPHONEOS_DEPLOYMENT_TARGET = 16.4;
				MARKETING_VERSION = 1.0;
				PRODUCT_BUNDLE_IDENTIFIER = "com.umocha-racer.iOS-H3-UITests";
				PRODUCT_NAME = "$(TARGET_NAME)";
				SWIFT_EMIT_LOC_STRINGS = NO;
				SWIFT_VERSION = 5.0;
				TARGETED_DEVICE_FAMILY = "1,2";
				TEST_HOST = "$(BUILT_PRODUCTS_DIR)/iOS_H3_UI.app/$(BUNDLE_EXECUTABLE_FOLDER_PATH)/iOS_H3_UI";
			};
			name = Debug;
		};
		5F6203922A7BC59700D09531 /* Release */ = {
			isa = XCBuildConfiguration;
			buildSettings = {
				ALWAYS_EMBED_SWIFT_STANDARD_LIBRARIES = YES;
				BUNDLE_LOADER = "$(TEST_HOST)";
				CODE_SIGN_STYLE = Automatic;
				CURRENT_PROJECT_VERSION = 1;
				DEVELOPMENT_TEAM = Q57K6D2JP2;
				GENERATE_INFOPLIST_FILE = YES;
				IPHONEOS_DEPLOYMENT_TARGET = 16.4;
				MARKETING_VERSION = 1.0;
				PRODUCT_BUNDLE_IDENTIFIER = "com.umocha-racer.iOS-H3-UITests";
				PRODUCT_NAME = "$(TARGET_NAME)";
				SWIFT_EMIT_LOC_STRINGS = NO;
				SWIFT_VERSION = 5.0;
				TARGETED_DEVICE_FAMILY = "1,2";
				TEST_HOST = "$(BUILT_PRODUCTS_DIR)/iOS_H3_UI.app/$(BUNDLE_EXECUTABLE_FOLDER_PATH)/iOS_H3_UI";
			};
			name = Release;
		};
		5F6203942A7BC59700D09531 /* Debug */ = {
			isa = XCBuildConfiguration;
			buildSettings = {
				ALWAYS_EMBED_SWIFT_STANDARD_LIBRARIES = YES;
				CODE_SIGN_STYLE = Automatic;
				CURRENT_PROJECT_VERSION = 1;
				DEVELOPMENT_TEAM = Q57K6D2JP2;
				GENERATE_INFOPLIST_FILE = YES;
				MARKETING_VERSION = 1.0;
				PRODUCT_BUNDLE_IDENTIFIER = "com.umocha-racer.iOS-H3-UIUITests";
				PRODUCT_NAME = "$(TARGET_NAME)";
				SWIFT_EMIT_LOC_STRINGS = NO;
				SWIFT_VERSION = 5.0;
				TARGETED_DEVICE_FAMILY = "1,2";
				TEST_TARGET_NAME = iOS_H3_UI;
			};
			name = Debug;
		};
		5F6203952A7BC59700D09531 /* Release */ = {
			isa = XCBuildConfiguration;
			buildSettings = {
				ALWAYS_EMBED_SWIFT_STANDARD_LIBRARIES = YES;
				CODE_SIGN_STYLE = Automatic;
				CURRENT_PROJECT_VERSION = 1;
				DEVELOPMENT_TEAM = Q57K6D2JP2;
				GENERATE_INFOPLIST_FILE = YES;
				MARKETING_VERSION = 1.0;
				PRODUCT_BUNDLE_IDENTIFIER = "com.umocha-racer.iOS-H3-UIUITests";
				PRODUCT_NAME = "$(TARGET_NAME)";
				SWIFT_EMIT_LOC_STRINGS = NO;
				SWIFT_VERSION = 5.0;
				TARGETED_DEVICE_FAMILY = "1,2";
				TEST_TARGET_NAME = iOS_H3_UI;
			};
			name = Release;
		};
/* End XCBuildConfiguration section */

/* Begin XCConfigurationList section */
		5F00FBEC2A777BDE0055A4FA /* Build configuration list for PBXProject "iOS_H3" */ = {
			isa = XCConfigurationList;
			buildConfigurations = (
				5F00FC192A777BDF0055A4FA /* Debug */,
				5F00FC1A2A777BDF0055A4FA /* Release */,
			);
			defaultConfigurationIsVisible = 0;
			defaultConfigurationName = Release;
		};
		5F00FC1B2A777BDF0055A4FA /* Build configuration list for PBXNativeTarget "iOS_H3" */ = {
			isa = XCConfigurationList;
			buildConfigurations = (
				5F00FC1C2A777BDF0055A4FA /* Debug */,
				5F00FC1D2A777BDF0055A4FA /* Release */,
			);
			defaultConfigurationIsVisible = 0;
			defaultConfigurationName = Release;
		};
		5F00FC1E2A777BDF0055A4FA /* Build configuration list for PBXNativeTarget "iOS_H3Tests" */ = {
			isa = XCConfigurationList;
			buildConfigurations = (
				5F00FC1F2A777BDF0055A4FA /* Debug */,
				5F00FC202A777BDF0055A4FA /* Release */,
			);
			defaultConfigurationIsVisible = 0;
			defaultConfigurationName = Release;
		};
		5F00FC212A777BDF0055A4FA /* Build configuration list for PBXNativeTarget "iOS_H3UITests" */ = {
			isa = XCConfigurationList;
			buildConfigurations = (
				5F00FC222A777BDF0055A4FA /* Debug */,
				5F00FC232A777BDF0055A4FA /* Release */,
			);
			defaultConfigurationIsVisible = 0;
			defaultConfigurationName = Release;
		};
		5F62038D2A7BC59700D09531 /* Build configuration list for PBXNativeTarget "iOS_H3_UI" */ = {
			isa = XCConfigurationList;
			buildConfigurations = (
				5F62038E2A7BC59700D09531 /* Debug */,
				5F62038F2A7BC59700D09531 /* Release */,
			);
			defaultConfigurationIsVisible = 0;
			defaultConfigurationName = Release;
		};
		5F6203902A7BC59700D09531 /* Build configuration list for PBXNativeTarget "iOS_H3_UITests" */ = {
			isa = XCConfigurationList;
			buildConfigurations = (
				5F6203912A7BC59700D09531 /* Debug */,
				5F6203922A7BC59700D09531 /* Release */,
			);
			defaultConfigurationIsVisible = 0;
			defaultConfigurationName = Release;
		};
		5F6203932A7BC59700D09531 /* Build configuration list for PBXNativeTarget "iOS_H3_UIUITests" */ = {
			isa = XCConfigurationList;
			buildConfigurations = (
				5F6203942A7BC59700D09531 /* Debug */,
				5F6203952A7BC59700D09531 /* Release */,
			);
			defaultConfigurationIsVisible = 0;
			defaultConfigurationName = Release;
		};
/* End XCConfigurationList section */
	};
	rootObject = 5F00FBE92A777BDE0055A4FA /* Project object */;
}
